// !$*UTF8*$!
{
	archiveVersion = 1;
	classes = {
	};
	objectVersion = 46;
	objects = {

/* Begin PBXBuildFile section */
		FA58EA0F1DCE504600E23BDE /* AppDelegate.swift in Sources */ = {isa = PBXBuildFile; fileRef = FA58EA0E1DCE504600E23BDE /* AppDelegate.swift */; };
		FA58EA111DCE504600E23BDE /* ViewController.swift in Sources */ = {isa = PBXBuildFile; fileRef = FA58EA101DCE504600E23BDE /* ViewController.swift */; };
		FA58EA141DCE504600E23BDE /* Main.storyboard in Resources */ = {isa = PBXBuildFile; fileRef = FA58EA121DCE504600E23BDE /* Main.storyboard */; };
		FA58EA171DCE504600E23BDE /* JSON_Client.xcdatamodeld in Sources */ = {isa = PBXBuildFile; fileRef = FA58EA151DCE504600E23BDE /* JSON_Client.xcdatamodeld */; };
		FA58EA191DCE504600E23BDE /* Assets.xcassets in Resources */ = {isa = PBXBuildFile; fileRef = FA58EA181DCE504600E23BDE /* Assets.xcassets */; };
		FA58EA1C1DCE504600E23BDE /* LaunchScreen.storyboard in Resources */ = {isa = PBXBuildFile; fileRef = FA58EA1A1DCE504600E23BDE /* LaunchScreen.storyboard */; };
/* End PBXBuildFile section */

/* Begin PBXFileReference section */
		FA58EA0B1DCE504600E23BDE /* JSON Client.app */ = {isa = PBXFileReference; explicitFileType = wrapper.application; includeInIndex = 0; path = "JSON Client.app"; sourceTree = BUILT_PRODUCTS_DIR; };
		FA58EA0E1DCE504600E23BDE /* AppDelegate.swift */ = {isa = PBXFileReference; lastKnownFileType = sourcecode.swift; path = AppDelegate.swift; sourceTree = "<group>"; };
		FA58EA101DCE504600E23BDE /* ViewController.swift */ = {isa = PBXFileReference; lastKnownFileType = sourcecode.swift; path = ViewController.swift; sourceTree = "<group>"; };
		FA58EA131DCE504600E23BDE /* Base */ = {isa = PBXFileReference; lastKnownFileType = file.storyboard; name = Base; path = Base.lproj/Main.storyboard; sourceTree = "<group>"; };
		FA58EA161DCE504600E23BDE /* JSON_Client.xcdatamodel */ = {isa = PBXFileReference; lastKnownFileType = wrapper.xcdatamodel; path = JSON_Client.xcdatamodel; sourceTree = "<group>"; };
		FA58EA181DCE504600E23BDE /* Assets.xcassets */ = {isa = PBXFileReference; lastKnownFileType = folder.assetcatalog; path = Assets.xcassets; sourceTree = "<group>"; };
		FA58EA1B1DCE504600E23BDE /* Base */ = {isa = PBXFileReference; lastKnownFileType = file.storyboard; name = Base; path = Base.lproj/LaunchScreen.storyboard; sourceTree = "<group>"; };
		FA58EA1D1DCE504600E23BDE /* Info.plist */ = {isa = PBXFileReference; lastKnownFileType = text.plist.xml; path = Info.plist; sourceTree = "<group>"; };
/* End PBXFileReference section */

/* Begin PBXFrameworksBuildPhase section */
		FA58EA081DCE504600E23BDE /* Frameworks */ = {
			isa = PBXFrameworksBuildPhase;
			buildActionMask = 2147483647;
			files = (
			);
			runOnlyForDeploymentPostprocessing = 0;
		};
/* End PBXFrameworksBuildPhase section */

/* Begin PBXGroup section */
		FA58EA021DCE504600E23BDE = {
			isa = PBXGroup;
			children = (
				FA58EA0D1DCE504600E23BDE /* JSON Client */,
				FA58EA0C1DCE504600E23BDE /* Products */,
			);
			sourceTree = "<group>";
		};
		FA58EA0C1DCE504600E23BDE /* Products */ = {
			isa = PBXGroup;
			children = (
				FA58EA0B1DCE504600E23BDE /* JSON Client.app */,
			);
			name = Products;
			sourceTree = "<group>";
		};
		FA58EA0D1DCE504600E23BDE /* JSON Client */ = {
			isa = PBXGroup;
			children = (
				FA58EA0E1DCE504600E23BDE /* AppDelegate.swift */,
				FA58EA101DCE504600E23BDE /* ViewController.swift */,
				FA58EA121DCE504600E23BDE /* Main.storyboard */,
				FA58EA181DCE504600E23BDE /* Assets.xcassets */,
				FA58EA1A1DCE504600E23BDE /* LaunchScreen.storyboard */,
				FA58EA1D1DCE504600E23BDE /* Info.plist */,
				FA58EA151DCE504600E23BDE /* JSON_Client.xcdatamodeld */,
			);
			path = "JSON Client";
			sourceTree = "<group>";
		};
/* End PBXGroup section */

/* Begin PBXNativeTarget section */
		FA58EA0A1DCE504600E23BDE /* JSON Client */ = {
			isa = PBXNativeTarget;
			buildConfigurationList = FA58EA201DCE504600E23BDE /* Build configuration list for PBXNativeTarget "JSON Client" */;
			buildPhases = (
				FA58EA071DCE504600E23BDE /* Sources */,
				FA58EA081DCE504600E23BDE /* Frameworks */,
				FA58EA091DCE504600E23BDE /* Resources */,
			);
			buildRules = (
			);
			dependencies = (
			);
			name = "JSON Client";
			productName = "JSON Client";
			productReference = FA58EA0B1DCE504600E23BDE /* JSON Client.app */;
			productType = "com.apple.product-type.application";
		};
/* End PBXNativeTarget section */

/* Begin PBXProject section */
		FA58EA031DCE504600E23BDE /* Project object */ = {
			isa = PBXProject;
			attributes = {
				LastSwiftUpdateCheck = 0800;
				LastUpgradeCheck = 0800;
				ORGANIZATIONNAME = Alex;
				TargetAttributes = {
					FA58EA0A1DCE504600E23BDE = {
						CreatedOnToolsVersion = 8.0;
						ProvisioningStyle = Automatic;
					};
				};
			};
			buildConfigurationList = FA58EA061DCE504600E23BDE /* Build configuration list for PBXProject "JSON Client" */;
			compatibilityVersion = "Xcode 3.2";
			developmentRegion = English;
			hasScannedForEncodings = 0;
			knownRegions = (
				en,
				Base,
			);
			mainGroup = FA58EA021DCE504600E23BDE;
			productRefGroup = FA58EA0C1DCE504600E23BDE /* Products */;
			projectDirPath = "";
			projectRoot = "";
			targets = (
				FA58EA0A1DCE504600E23BDE /* JSON Client */,
			);
		};
/* End PBXProject section */

/* Begin PBXResourcesBuildPhase section */
		FA58EA091DCE504600E23BDE /* Resources */ = {
			isa = PBXResourcesBuildPhase;
			buildActionMask = 2147483647;
			files = (
				FA58EA1C1DCE504600E23BDE /* LaunchScreen.storyboard in Resources */,
				FA58EA191DCE504600E23BDE /* Assets.xcassets in Resources */,
				FA58EA141DCE504600E23BDE /* Main.storyboard in Resources */,
			);
			runOnlyForDeploymentPostprocessing = 0;
		};
/* End PBXResourcesBuildPhase section */

/* Begin PBXSourcesBuildPhase section */
		FA58EA071DCE504600E23BDE /* Sources */ = {
			isa = PBXSourcesBuildPhase;
			buildActionMask = 2147483647;
			files = (
				FA58EA111DCE504600E23BDE /* ViewController.swift in Sources */,
				FA58EA171DCE504600E23BDE /* JSON_Client.xcdatamodeld in Sources */,
				FA58EA0F1DCE504600E23BDE /* AppDelegate.swift in Sources */,
			);
			runOnlyForDeploymentPostprocessing = 0;
		};
/* End PBXSourcesBuildPhase section */

/* Begin PBXVariantGroup section */
		FA58EA121DCE504600E23BDE /* Main.storyboard */ = {
			isa = PBXVariantGroup;
			children = (
				FA58EA131DCE504600E23BDE /* Base */,
			);
			name = Main.storyboard;
			sourceTree = "<group>";
		};
		FA58EA1A1DCE504600E23BDE /* LaunchScreen.storyboard */ = {
			isa = PBXVariantGroup;
			children = (
				FA58EA1B1DCE504600E23BDE /* Base */,
			);
			name = LaunchScreen.storyboard;
			sourceTree = "<group>";
		};
/* End PBXVariantGroup section */

/* Begin XCBuildConfiguration section */
		FA58EA1E1DCE504600E23BDE /* Debug */ = {
			isa = XCBuildConfiguration;
			buildSettings = {
				ALWAYS_SEARCH_USER_PATHS = NO;
				CLANG_ANALYZER_NONNULL = YES;
				CLANG_CXX_LANGUAGE_STANDARD = "gnu++0x";
				CLANG_CXX_LIBRARY = "libc++";
				CLANG_ENABLE_MODULES = YES;
				CLANG_ENABLE_OBJC_ARC = YES;
				CLANG_WARN_BOOL_CONVERSION = YES;
				CLANG_WARN_CONSTANT_CONVERSION = YES;
				CLANG_WARN_DIRECT_OBJC_ISA_USAGE = YES_ERROR;
				CLANG_WARN_DOCUMENTATION_COMMENTS = YES;
				CLANG_WARN_EMPTY_BODY = YES;
				CLANG_WARN_ENUM_CONVERSION = YES;
				CLANG_WARN_INFINITE_RECURSION = YES;
				CLANG_WARN_INT_CONVERSION = YES;
				CLANG_WARN_OBJC_ROOT_CLASS = YES_ERROR;
				CLANG_WARN_SUSPICIOUS_MOVES = YES;
				CLANG_WARN_UNREACHABLE_CODE = YES;
				CLANG_WARN__DUPLICATE_METHOD_MATCH = YES;
				"CODE_SIGN_IDENTITY[sdk=iphoneos*]" = "iPhone Developer";
				COPY_PHASE_STRIP = NO;
				DEBUG_INFORMATION_FORMAT = dwarf;
				ENABLE_STRICT_OBJC_MSGSEND = YES;
				ENABLE_TESTABILITY = YES;
				GCC_C_LANGUAGE_STANDARD = gnu99;
				GCC_DYNAMIC_NO_PIC = NO;
				GCC_NO_COMMON_BLOCKS = YES;
				GCC_OPTIMIZATION_LEVEL = 0;
				GCC_PREPROCESSOR_DEFINITIONS = (
					"DEBUG=1",
					"$(inherited)",
				);
				GCC_WARN_64_TO_32_BIT_CONVERSION = YES;
				GCC_WARN_ABOUT_RETURN_TYPE = YES_ERROR;
				GCC_WARN_UNDECLARED_SELECTOR = YES;
				GCC_WARN_UNINITIALIZED_AUTOS = YES_AGGRESSIVE;
				GCC_WARN_UNUSED_FUNCTION = YES;
				GCC_WARN_UNUSED_VARIABLE = YES;
				IPHONEOS_DEPLOYMENT_TARGET = 10.0;
				MTL_ENABLE_DEBUG_INFO = YES;
				ONLY_ACTIVE_ARCH = YES;
				SDKROOT = iphoneos;
				SWIFT_ACTIVE_COMPILATION_CONDITIONS = DEBUG;
				SWIFT_OPTIMIZATION_LEVEL = "-Onone";
			};
			name = Debug;
		};
		FA58EA1F1DCE504600E23BDE /* Release */ = {
			isa = XCBuildConfiguration;
			buildSettings = {
				ALWAYS_SEARCH_USER_PATHS = NO;
				CLANG_ANALYZER_NONNULL = YES;
				CLANG_CXX_LANGUAGE_STANDARD = "gnu++0x";
				CLANG_CXX_LIBRARY = "libc++";
				CLANG_ENABLE_MODULES = YES;
				CLANG_ENABLE_OBJC_ARC = YES;
				CLANG_WARN_BOOL_CONVERSION = YES;
				CLANG_WARN_CONSTANT_CONVERSION = YES;
				CLANG_WARN_DIRECT_OBJC_ISA_USAGE = YES_ERROR;
				CLANG_WARN_DOCUMENTATION_COMMENTS = YES;
				CLANG_WARN_EMPTY_BODY = YES;
				CLANG_WARN_ENUM_CONVERSION = YES;
				CLANG_WARN_INFINITE_RECURSION = YES;
				CLANG_WARN_INT_CONVERSION = YES;
				CLANG_WARN_OBJC_ROOT_CLASS = YES_ERROR;
				CLANG_WARN_SUSPICIOUS_MOVES = YES;
				CLANG_WARN_UNREACHABLE_CODE = YES;
				CLANG_WARN__DUPLICATE_METHOD_MATCH = YES;
				"CODE_SIGN_IDENTITY[sdk=iphoneos*]" = "iPhone Developer";
				COPY_PHASE_STRIP = NO;
				DEBUG_INFORMATION_FORMAT = "dwarf-with-dsym";
				ENABLE_NS_ASSERTIONS = NO;
				ENABLE_STRICT_OBJC_MSGSEND = YES;
				GCC_C_LANGUAGE_STANDARD = gnu99;
				GCC_NO_COMMON_BLOCKS = YES;
				GCC_WARN_64_TO_32_BIT_CONVERSION = YES;
				GCC_WARN_ABOUT_RETURN_TYPE = YES_ERROR;
				GCC_WARN_UNDECLARED_SELECTOR = YES;
				GCC_WARN_UNINITIALIZED_AUTOS = YES_AGGRESSIVE;
				GCC_WARN_UNUSED_FUNCTION = YES;
				GCC_WARN_UNUSED_VARIABLE = YES;
				IPHONEOS_DEPLOYMENT_TARGET = 10.0;
				MTL_ENABLE_DEBUG_INFO = NO;
				SDKROOT = iphoneos;
				SWIFT_OPTIMIZATION_LEVEL = "-Owholemodule";
				VALIDATE_PRODUCT = YES;
			};
			name = Release;
		};
		FA58EA211DCE504600E23BDE /* Debug */ = {
			isa = XCBuildConfiguration;
			buildSettings = {
				ASSETCATALOG_COMPILER_APPICON_NAME = AppIcon;
				INFOPLIST_FILE = "JSON Client/Info.plist";
				LD_RUNPATH_SEARCH_PATHS = "$(inherited) @executable_path/Frameworks";
				PRODUCT_BUNDLE_IDENTIFIER = "com.example.JSON-Client";
				PRODUCT_NAME = "$(TARGET_NAME)";
				SWIFT_VERSION = 3.0;
			};
			name = Debug;
		};
		FA58EA221DCE504600E23BDE /* Release */ = {
			isa = XCBuildConfiguration;
			buildSettings = {
				ASSETCATALOG_COMPILER_APPICON_NAME = AppIcon;
				INFOPLIST_FILE = "JSON Client/Info.plist";
				LD_RUNPATH_SEARCH_PATHS = "$(inherited) @executable_path/Frameworks";
				PRODUCT_BUNDLE_IDENTIFIER = "com.example.JSON-Client";
				PRODUCT_NAME = "$(TARGET_NAME)";
				SWIFT_VERSION = 3.0;
			};
			name = Release;
		};
/* End XCBuildConfiguration section */

/* Begin XCConfigurationList section */
		FA58EA061DCE504600E23BDE /* Build configuration list for PBXProject "JSON Client" */ = {
			isa = XCConfigurationList;
			buildConfigurations = (
				FA58EA1E1DCE504600E23BDE /* Debug */,
				FA58EA1F1DCE504600E23BDE /* Release */,
			);
			defaultConfigurationIsVisible = 0;
			defaultConfigurationName = Release;
		};
		FA58EA201DCE504600E23BDE /* Build configuration list for PBXNativeTarget "JSON Client" */ = {
			isa = XCConfigurationList;
			buildConfigurations = (
				FA58EA211DCE504600E23BDE /* Debug */,
				FA58EA221DCE504600E23BDE /* Release */,
			);
			defaultConfigurationIsVisible = 0;
		};
/* End XCConfigurationList section */

/* Begin XCVersionGroup section */
		FA58EA151DCE504600E23BDE /* JSON_Client.xcdatamodeld */ = {
			isa = XCVersionGroup;
			children = (
				FA58EA161DCE504600E23BDE /* JSON_Client.xcdatamodel */,
			);
			currentVersion = FA58EA161DCE504600E23BDE /* JSON_Client.xcdatamodel */;
			path = JSON_Client.xcdatamodeld;
			sourceTree = "<group>";
			versionGroupType = wrapper.xcdatamodel;
		};
/* End XCVersionGroup section */
	};
	rootObject = FA58EA031DCE504600E23BDE /* Project object */;
}
