// !$*UTF8*$!
{
	archiveVersion = 1;
	classes = {
	};
	objectVersion = 46;
	objects = {

/* Begin PBXBuildFile section */
		FAD5AC8E1D5726410007129C /* AppDelegate.swift in Sources */ = {isa = PBXBuildFile; fileRef = FAD5AC8D1D5726410007129C /* AppDelegate.swift */; };
		FAD5AC901D5726410007129C /* ViewController.swift in Sources */ = {isa = PBXBuildFile; fileRef = FAD5AC8F1D5726410007129C /* ViewController.swift */; };
		FAD5AC931D5726410007129C /* Main.storyboard in Resources */ = {isa = PBXBuildFile; fileRef = FAD5AC911D5726410007129C /* Main.storyboard */; };
		FAD5AC951D5726410007129C /* Assets.xcassets in Resources */ = {isa = PBXBuildFile; fileRef = FAD5AC941D5726410007129C /* Assets.xcassets */; };
		FAD5AC981D5726410007129C /* LaunchScreen.storyboard in Resources */ = {isa = PBXBuildFile; fileRef = FAD5AC961D5726410007129C /* LaunchScreen.storyboard */; };
/* End PBXBuildFile section */

/* Begin PBXFileReference section */
		FAD5AC8A1D5726410007129C /* Lesson 08 - Picking Values using PickerView.app */ = {isa = PBXFileReference; explicitFileType = wrapper.application; includeInIndex = 0; path = "Lesson 08 - Picking Values using PickerView.app"; sourceTree = BUILT_PRODUCTS_DIR; };
		FAD5AC8D1D5726410007129C /* AppDelegate.swift */ = {isa = PBXFileReference; lastKnownFileType = sourcecode.swift; path = AppDelegate.swift; sourceTree = "<group>"; };
		FAD5AC8F1D5726410007129C /* ViewController.swift */ = {isa = PBXFileReference; lastKnownFileType = sourcecode.swift; path = ViewController.swift; sourceTree = "<group>"; };
		FAD5AC921D5726410007129C /* Base */ = {isa = PBXFileReference; lastKnownFileType = file.storyboard; name = Base; path = Base.lproj/Main.storyboard; sourceTree = "<group>"; };
		FAD5AC941D5726410007129C /* Assets.xcassets */ = {isa = PBXFileReference; lastKnownFileType = folder.assetcatalog; path = Assets.xcassets; sourceTree = "<group>"; };
		FAD5AC971D5726410007129C /* Base */ = {isa = PBXFileReference; lastKnownFileType = file.storyboard; name = Base; path = Base.lproj/LaunchScreen.storyboard; sourceTree = "<group>"; };
		FAD5AC991D5726410007129C /* Info.plist */ = {isa = PBXFileReference; lastKnownFileType = text.plist.xml; path = Info.plist; sourceTree = "<group>"; };
/* End PBXFileReference section */

/* Begin PBXFrameworksBuildPhase section */
		FAD5AC871D5726410007129C /* Frameworks */ = {
			isa = PBXFrameworksBuildPhase;
			buildActionMask = 2147483647;
			files = (
			);
			runOnlyForDeploymentPostprocessing = 0;
		};
/* End PBXFrameworksBuildPhase section */

/* Begin PBXGroup section */
		FAD5AC811D5726410007129C = {
			isa = PBXGroup;
			children = (
				FAD5AC8C1D5726410007129C /* Lesson 08 - Picking Values using PickerView */,
				FAD5AC8B1D5726410007129C /* Products */,
			);
			sourceTree = "<group>";
		};
		FAD5AC8B1D5726410007129C /* Products */ = {
			isa = PBXGroup;
			children = (
				FAD5AC8A1D5726410007129C /* Lesson 08 - Picking Values using PickerView.app */,
			);
			name = Products;
			sourceTree = "<group>";
		};
		FAD5AC8C1D5726410007129C /* Lesson 08 - Picking Values using PickerView */ = {
			isa = PBXGroup;
			children = (
				FAD5AC8D1D5726410007129C /* AppDelegate.swift */,
				FAD5AC8F1D5726410007129C /* ViewController.swift */,
				FAD5AC911D5726410007129C /* Main.storyboard */,
				FAD5AC941D5726410007129C /* Assets.xcassets */,
				FAD5AC961D5726410007129C /* LaunchScreen.storyboard */,
				FAD5AC991D5726410007129C /* Info.plist */,
			);
			path = "Lesson 08 - Picking Values using PickerView";
			sourceTree = "<group>";
		};
/* End PBXGroup section */

/* Begin PBXNativeTarget section */
		FAD5AC891D5726410007129C /* Lesson 08 - Picking Values using PickerView */ = {
			isa = PBXNativeTarget;
			buildConfigurationList = FAD5AC9C1D5726410007129C /* Build configuration list for PBXNativeTarget "Lesson 08 - Picking Values using PickerView" */;
			buildPhases = (
				FAD5AC861D5726410007129C /* Sources */,
				FAD5AC871D5726410007129C /* Frameworks */,
				FAD5AC881D5726410007129C /* Resources */,
			);
			buildRules = (
			);
			dependencies = (
			);
			name = "Lesson 08 - Picking Values using PickerView";
			productName = "Lesson 08 - Picking Values using PickerView";
			productReference = FAD5AC8A1D5726410007129C /* Lesson 08 - Picking Values using PickerView.app */;
			productType = "com.apple.product-type.application";
		};
/* End PBXNativeTarget section */

/* Begin PBXProject section */
		FAD5AC821D5726410007129C /* Project object */ = {
			isa = PBXProject;
			attributes = {
				LastSwiftUpdateCheck = 0730;
				LastUpgradeCheck = 0730;
				ORGANIZATIONNAME = Alex;
				TargetAttributes = {
					FAD5AC891D5726410007129C = {
						CreatedOnToolsVersion = 7.3.1;
					};
				};
			};
			buildConfigurationList = FAD5AC851D5726410007129C /* Build configuration list for PBXProject "Lesson 08 - Picking Values using PickerView" */;
			compatibilityVersion = "Xcode 3.2";
			developmentRegion = English;
			hasScannedForEncodings = 0;
			knownRegions = (
				en,
				Base,
			);
			mainGroup = FAD5AC811D5726410007129C;
			productRefGroup = FAD5AC8B1D5726410007129C /* Products */;
			projectDirPath = "";
			projectRoot = "";
			targets = (
				FAD5AC891D5726410007129C /* Lesson 08 - Picking Values using PickerView */,
			);
		};
/* End PBXProject section */

/* Begin PBXResourcesBuildPhase section */
		FAD5AC881D5726410007129C /* Resources */ = {
			isa = PBXResourcesBuildPhase;
			buildActionMask = 2147483647;
			files = (
				FAD5AC981D5726410007129C /* LaunchScreen.storyboard in Resources */,
				FAD5AC951D5726410007129C /* Assets.xcassets in Resources */,
				FAD5AC931D5726410007129C /* Main.storyboard in Resources */,
			);
			runOnlyForDeploymentPostprocessing = 0;
		};
/* End PBXResourcesBuildPhase section */

/* Begin PBXSourcesBuildPhase section */
		FAD5AC861D5726410007129C /* Sources */ = {
			isa = PBXSourcesBuildPhase;
			buildActionMask = 2147483647;
			files = (
				FAD5AC901D5726410007129C /* ViewController.swift in Sources */,
				FAD5AC8E1D5726410007129C /* AppDelegate.swift in Sources */,
			);
			runOnlyForDeploymentPostprocessing = 0;
		};
/* End PBXSourcesBuildPhase section */

/* Begin PBXVariantGroup section */
		FAD5AC911D5726410007129C /* Main.storyboard */ = {
			isa = PBXVariantGroup;
			children = (
				FAD5AC921D5726410007129C /* Base */,
			);
			name = Main.storyboard;
			sourceTree = "<group>";
		};
		FAD5AC961D5726410007129C /* LaunchScreen.storyboard */ = {
			isa = PBXVariantGroup;
			children = (
				FAD5AC971D5726410007129C /* Base */,
			);
			name = LaunchScreen.storyboard;
			sourceTree = "<group>";
		};
/* End PBXVariantGroup section */

/* Begin XCBuildConfiguration section */
		FAD5AC9A1D5726410007129C /* Debug */ = {
			isa = XCBuildConfiguration;
			buildSettings = {
				ALWAYS_SEARCH_USER_PATHS = NO;
				CLANG_ANALYZER_NONNULL = YES;
				CLANG_CXX_LANGUAGE_STANDARD = "gnu++0x";
				CLANG_CXX_LIBRARY = "libc++";
				CLANG_ENABLE_MODULES = YES;
				CLANG_ENABLE_OBJC_ARC = YES;
				CLANG_WARN_BOOL_CONVERSION = YES;
				CLANG_WARN_CONSTANT_CONVERSION = YES;
				CLANG_WARN_DIRECT_OBJC_ISA_USAGE = YES_ERROR;
				CLANG_WARN_EMPTY_BODY = YES;
				CLANG_WARN_ENUM_CONVERSION = YES;
				CLANG_WARN_INT_CONVERSION = YES;
				CLANG_WARN_OBJC_ROOT_CLASS = YES_ERROR;
				CLANG_WARN_UNREACHABLE_CODE = YES;
				CLANG_WARN__DUPLICATE_METHOD_MATCH = YES;
				"CODE_SIGN_IDENTITY[sdk=iphoneos*]" = "iPhone Developer";
				COPY_PHASE_STRIP = NO;
				DEBUG_INFORMATION_FORMAT = dwarf;
				ENABLE_STRICT_OBJC_MSGSEND = YES;
				ENABLE_TESTABILITY = YES;
				GCC_C_LANGUAGE_STANDARD = gnu99;
				GCC_DYNAMIC_NO_PIC = NO;
				GCC_NO_COMMON_BLOCKS = YES;
				GCC_OPTIMIZATION_LEVEL = 0;
				GCC_PREPROCESSOR_DEFINITIONS = (
					"DEBUG=1",
					"$(inherited)",
				);
				GCC_WARN_64_TO_32_BIT_CONVERSION = YES;
				GCC_WARN_ABOUT_RETURN_TYPE = YES_ERROR;
				GCC_WARN_UNDECLARED_SELECTOR = YES;
				GCC_WARN_UNINITIALIZED_AUTOS = YES_AGGRESSIVE;
				GCC_WARN_UNUSED_FUNCTION = YES;
				GCC_WARN_UNUSED_VARIABLE = YES;
				IPHONEOS_DEPLOYMENT_TARGET = 9.3;
				MTL_ENABLE_DEBUG_INFO = YES;
				ONLY_ACTIVE_ARCH = YES;
				SDKROOT = iphoneos;
				SWIFT_OPTIMIZATION_LEVEL = "-Onone";
			};
			name = Debug;
		};
		FAD5AC9B1D5726410007129C /* Release */ = {
			isa = XCBuildConfiguration;
			buildSettings = {
				ALWAYS_SEARCH_USER_PATHS = NO;
				CLANG_ANALYZER_NONNULL = YES;
				CLANG_CXX_LANGUAGE_STANDARD = "gnu++0x";
				CLANG_CXX_LIBRARY = "libc++";
				CLANG_ENABLE_MODULES = YES;
				CLANG_ENABLE_OBJC_ARC = YES;
				CLANG_WARN_BOOL_CONVERSION = YES;
				CLANG_WARN_CONSTANT_CONVERSION = YES;
				CLANG_WARN_DIRECT_OBJC_ISA_USAGE = YES_ERROR;
				CLANG_WARN_EMPTY_BODY = YES;
				CLANG_WARN_ENUM_CONVERSION = YES;
				CLANG_WARN_INT_CONVERSION = YES;
				CLANG_WARN_OBJC_ROOT_CLASS = YES_ERROR;
				CLANG_WARN_UNREACHABLE_CODE = YES;
				CLANG_WARN__DUPLICATE_METHOD_MATCH = YES;
				"CODE_SIGN_IDENTITY[sdk=iphoneos*]" = "iPhone Developer";
				COPY_PHASE_STRIP = NO;
				DEBUG_INFORMATION_FORMAT = "dwarf-with-dsym";
				ENABLE_NS_ASSERTIONS = NO;
				ENABLE_STRICT_OBJC_MSGSEND = YES;
				GCC_C_LANGUAGE_STANDARD = gnu99;
				GCC_NO_COMMON_BLOCKS = YES;
				GCC_WARN_64_TO_32_BIT_CONVERSION = YES;
				GCC_WARN_ABOUT_RETURN_TYPE = YES_ERROR;
				GCC_WARN_UNDECLARED_SELECTOR = YES;
				GCC_WARN_UNINITIALIZED_AUTOS = YES_AGGRESSIVE;
				GCC_WARN_UNUSED_FUNCTION = YES;
				GCC_WARN_UNUSED_VARIABLE = YES;
				IPHONEOS_DEPLOYMENT_TARGET = 9.3;
				MTL_ENABLE_DEBUG_INFO = NO;
				SDKROOT = iphoneos;
				VALIDATE_PRODUCT = YES;
			};
			name = Release;
		};
		FAD5AC9D1D5726410007129C /* Debug */ = {
			isa = XCBuildConfiguration;
			buildSettings = {
				ASSETCATALOG_COMPILER_APPICON_NAME = AppIcon;
				INFOPLIST_FILE = "Lesson 08 - Picking Values using PickerView/Info.plist";
				LD_RUNPATH_SEARCH_PATHS = "$(inherited) @executable_path/Frameworks";
				PRODUCT_BUNDLE_IDENTIFIER = "com.example.Lesson-08---Picking-Values-using-PickerView";
				PRODUCT_NAME = "$(TARGET_NAME)";
			};
			name = Debug;
		};
		FAD5AC9E1D5726410007129C /* Release */ = {
			isa = XCBuildConfiguration;
			buildSettings = {
				ASSETCATALOG_COMPILER_APPICON_NAME = AppIcon;
				INFOPLIST_FILE = "Lesson 08 - Picking Values using PickerView/Info.plist";
				LD_RUNPATH_SEARCH_PATHS = "$(inherited) @executable_path/Frameworks";
				PRODUCT_BUNDLE_IDENTIFIER = "com.example.Lesson-08---Picking-Values-using-PickerView";
				PRODUCT_NAME = "$(TARGET_NAME)";
			};
			name = Release;
		};
/* End XCBuildConfiguration section */

/* Begin XCConfigurationList section */
		FAD5AC851D5726410007129C /* Build configuration list for PBXProject "Lesson 08 - Picking Values using PickerView" */ = {
			isa = XCConfigurationList;
			buildConfigurations = (
				FAD5AC9A1D5726410007129C /* Debug */,
				FAD5AC9B1D5726410007129C /* Release */,
			);
			defaultConfigurationIsVisible = 0;
			defaultConfigurationName = Release;
		};
		FAD5AC9C1D5726410007129C /* Build configuration list for PBXNativeTarget "Lesson 08 - Picking Values using PickerView" */ = {
			isa = XCConfigurationList;
			buildConfigurations = (
				FAD5AC9D1D5726410007129C /* Debug */,
				FAD5AC9E1D5726410007129C /* Release */,
			);
			defaultConfigurationIsVisible = 0;
		};
/* End XCConfigurationList section */
	};
	rootObject = FAD5AC821D5726410007129C /* Project object */;
}
