// !$*UTF8*$!
{
	archiveVersion = 1;
	classes = {
	};
	objectVersion = 46;
	objects = {

/* Begin PBXBuildFile section */
		FACA18E31D4E11DB001578C7 /* AppDelegate.swift in Sources */ = {isa = PBXBuildFile; fileRef = FACA18E21D4E11DB001578C7 /* AppDelegate.swift */; };
		FACA18E51D4E11DB001578C7 /* ViewController.swift in Sources */ = {isa = PBXBuildFile; fileRef = FACA18E41D4E11DB001578C7 /* ViewController.swift */; };
		FACA18E81D4E11DB001578C7 /* Main.storyboard in Resources */ = {isa = PBXBuildFile; fileRef = FACA18E61D4E11DB001578C7 /* Main.storyboard */; };
		FACA18EA1D4E11DB001578C7 /* Assets.xcassets in Resources */ = {isa = PBXBuildFile; fileRef = FACA18E91D4E11DB001578C7 /* Assets.xcassets */; };
		FACA18ED1D4E11DB001578C7 /* LaunchScreen.storyboard in Resources */ = {isa = PBXBuildFile; fileRef = FACA18EB1D4E11DB001578C7 /* LaunchScreen.storyboard */; };
/* End PBXBuildFile section */

/* Begin PBXFileReference section */
		FACA18DF1D4E11DB001578C7 /* Lesson 06 - Displaying Text with UILabel.app */ = {isa = PBXFileReference; explicitFileType = wrapper.application; includeInIndex = 0; path = "Lesson 06 - Displaying Text with UILabel.app"; sourceTree = BUILT_PRODUCTS_DIR; };
		FACA18E21D4E11DB001578C7 /* AppDelegate.swift */ = {isa = PBXFileReference; lastKnownFileType = sourcecode.swift; path = AppDelegate.swift; sourceTree = "<group>"; };
		FACA18E41D4E11DB001578C7 /* ViewController.swift */ = {isa = PBXFileReference; lastKnownFileType = sourcecode.swift; path = ViewController.swift; sourceTree = "<group>"; };
		FACA18E71D4E11DB001578C7 /* Base */ = {isa = PBXFileReference; lastKnownFileType = file.storyboard; name = Base; path = Base.lproj/Main.storyboard; sourceTree = "<group>"; };
		FACA18E91D4E11DB001578C7 /* Assets.xcassets */ = {isa = PBXFileReference; lastKnownFileType = folder.assetcatalog; path = Assets.xcassets; sourceTree = "<group>"; };
		FACA18EC1D4E11DB001578C7 /* Base */ = {isa = PBXFileReference; lastKnownFileType = file.storyboard; name = Base; path = Base.lproj/LaunchScreen.storyboard; sourceTree = "<group>"; };
		FACA18EE1D4E11DB001578C7 /* Info.plist */ = {isa = PBXFileReference; lastKnownFileType = text.plist.xml; path = Info.plist; sourceTree = "<group>"; };
/* End PBXFileReference section */

/* Begin PBXFrameworksBuildPhase section */
		FACA18DC1D4E11DB001578C7 /* Frameworks */ = {
			isa = PBXFrameworksBuildPhase;
			buildActionMask = 2147483647;
			files = (
			);
			runOnlyForDeploymentPostprocessing = 0;
		};
/* End PBXFrameworksBuildPhase section */

/* Begin PBXGroup section */
		FACA18D61D4E11DB001578C7 = {
			isa = PBXGroup;
			children = (
				FACA18E11D4E11DB001578C7 /* Lesson 06 - Displaying Text with UILabel */,
				FACA18E01D4E11DB001578C7 /* Products */,
			);
			sourceTree = "<group>";
		};
		FACA18E01D4E11DB001578C7 /* Products */ = {
			isa = PBXGroup;
			children = (
				FACA18DF1D4E11DB001578C7 /* Lesson 06 - Displaying Text with UILabel.app */,
			);
			name = Products;
			sourceTree = "<group>";
		};
		FACA18E11D4E11DB001578C7 /* Lesson 06 - Displaying Text with UILabel */ = {
			isa = PBXGroup;
			children = (
				FACA18E21D4E11DB001578C7 /* AppDelegate.swift */,
				FACA18E41D4E11DB001578C7 /* ViewController.swift */,
				FACA18E61D4E11DB001578C7 /* Main.storyboard */,
				FACA18E91D4E11DB001578C7 /* Assets.xcassets */,
				FACA18EB1D4E11DB001578C7 /* LaunchScreen.storyboard */,
				FACA18EE1D4E11DB001578C7 /* Info.plist */,
			);
			path = "Lesson 06 - Displaying Text with UILabel";
			sourceTree = "<group>";
		};
/* End PBXGroup section */

/* Begin PBXNativeTarget section */
		FACA18DE1D4E11DB001578C7 /* Lesson 06 - Displaying Text with UILabel */ = {
			isa = PBXNativeTarget;
			buildConfigurationList = FACA18F11D4E11DB001578C7 /* Build configuration list for PBXNativeTarget "Lesson 06 - Displaying Text with UILabel" */;
			buildPhases = (
				FACA18DB1D4E11DB001578C7 /* Sources */,
				FACA18DC1D4E11DB001578C7 /* Frameworks */,
				FACA18DD1D4E11DB001578C7 /* Resources */,
			);
			buildRules = (
			);
			dependencies = (
			);
			name = "Lesson 06 - Displaying Text with UILabel";
			productName = "Lesson 06 - Displaying Text with UILabel";
			productReference = FACA18DF1D4E11DB001578C7 /* Lesson 06 - Displaying Text with UILabel.app */;
			productType = "com.apple.product-type.application";
		};
/* End PBXNativeTarget section */

/* Begin PBXProject section */
		FACA18D71D4E11DB001578C7 /* Project object */ = {
			isa = PBXProject;
			attributes = {
				LastSwiftUpdateCheck = 0730;
				LastUpgradeCheck = 0730;
				ORGANIZATIONNAME = Alex;
				TargetAttributes = {
					FACA18DE1D4E11DB001578C7 = {
						CreatedOnToolsVersion = 7.3.1;
					};
				};
			};
			buildConfigurationList = FACA18DA1D4E11DB001578C7 /* Build configuration list for PBXProject "Lesson 06 - Displaying Text with UILabel" */;
			compatibilityVersion = "Xcode 3.2";
			developmentRegion = English;
			hasScannedForEncodings = 0;
			knownRegions = (
				en,
				Base,
			);
			mainGroup = FACA18D61D4E11DB001578C7;
			productRefGroup = FACA18E01D4E11DB001578C7 /* Products */;
			projectDirPath = "";
			projectRoot = "";
			targets = (
				FACA18DE1D4E11DB001578C7 /* Lesson 06 - Displaying Text with UILabel */,
			);
		};
/* End PBXProject section */

/* Begin PBXResourcesBuildPhase section */
		FACA18DD1D4E11DB001578C7 /* Resources */ = {
			isa = PBXResourcesBuildPhase;
			buildActionMask = 2147483647;
			files = (
				FACA18ED1D4E11DB001578C7 /* LaunchScreen.storyboard in Resources */,
				FACA18EA1D4E11DB001578C7 /* Assets.xcassets in Resources */,
				FACA18E81D4E11DB001578C7 /* Main.storyboard in Resources */,
			);
			runOnlyForDeploymentPostprocessing = 0;
		};
/* End PBXResourcesBuildPhase section */

/* Begin PBXSourcesBuildPhase section */
		FACA18DB1D4E11DB001578C7 /* Sources */ = {
			isa = PBXSourcesBuildPhase;
			buildActionMask = 2147483647;
			files = (
				FACA18E51D4E11DB001578C7 /* ViewController.swift in Sources */,
				FACA18E31D4E11DB001578C7 /* AppDelegate.swift in Sources */,
			);
			runOnlyForDeploymentPostprocessing = 0;
		};
/* End PBXSourcesBuildPhase section */

/* Begin PBXVariantGroup section */
		FACA18E61D4E11DB001578C7 /* Main.storyboard */ = {
			isa = PBXVariantGroup;
			children = (
				FACA18E71D4E11DB001578C7 /* Base */,
			);
			name = Main.storyboard;
			sourceTree = "<group>";
		};
		FACA18EB1D4E11DB001578C7 /* LaunchScreen.storyboard */ = {
			isa = PBXVariantGroup;
			children = (
				FACA18EC1D4E11DB001578C7 /* Base */,
			);
			name = LaunchScreen.storyboard;
			sourceTree = "<group>";
		};
/* End PBXVariantGroup section */

/* Begin XCBuildConfiguration section */
		FACA18EF1D4E11DB001578C7 /* Debug */ = {
			isa = XCBuildConfiguration;
			buildSettings = {
				ALWAYS_SEARCH_USER_PATHS = NO;
				CLANG_ANALYZER_NONNULL = YES;
				CLANG_CXX_LANGUAGE_STANDARD = "gnu++0x";
				CLANG_CXX_LIBRARY = "libc++";
				CLANG_ENABLE_MODULES = YES;
				CLANG_ENABLE_OBJC_ARC = YES;
				CLANG_WARN_BOOL_CONVERSION = YES;
				CLANG_WARN_CONSTANT_CONVERSION = YES;
				CLANG_WARN_DIRECT_OBJC_ISA_USAGE = YES_ERROR;
				CLANG_WARN_EMPTY_BODY = YES;
				CLANG_WARN_ENUM_CONVERSION = YES;
				CLANG_WARN_INT_CONVERSION = YES;
				CLANG_WARN_OBJC_ROOT_CLASS = YES_ERROR;
				CLANG_WARN_UNREACHABLE_CODE = YES;
				CLANG_WARN__DUPLICATE_METHOD_MATCH = YES;
				"CODE_SIGN_IDENTITY[sdk=iphoneos*]" = "iPhone Developer";
				COPY_PHASE_STRIP = NO;
				DEBUG_INFORMATION_FORMAT = dwarf;
				ENABLE_STRICT_OBJC_MSGSEND = YES;
				ENABLE_TESTABILITY = YES;
				GCC_C_LANGUAGE_STANDARD = gnu99;
				GCC_DYNAMIC_NO_PIC = NO;
				GCC_NO_COMMON_BLOCKS = YES;
				GCC_OPTIMIZATION_LEVEL = 0;
				GCC_PREPROCESSOR_DEFINITIONS = (
					"DEBUG=1",
					"$(inherited)",
				);
				GCC_WARN_64_TO_32_BIT_CONVERSION = YES;
				GCC_WARN_ABOUT_RETURN_TYPE = YES_ERROR;
				GCC_WARN_UNDECLARED_SELECTOR = YES;
				GCC_WARN_UNINITIALIZED_AUTOS = YES_AGGRESSIVE;
				GCC_WARN_UNUSED_FUNCTION = YES;
				GCC_WARN_UNUSED_VARIABLE = YES;
				IPHONEOS_DEPLOYMENT_TARGET = 9.3;
				MTL_ENABLE_DEBUG_INFO = YES;
				ONLY_ACTIVE_ARCH = YES;
				SDKROOT = iphoneos;
				SWIFT_OPTIMIZATION_LEVEL = "-Onone";
			};
			name = Debug;
		};
		FACA18F01D4E11DB001578C7 /* Release */ = {
			isa = XCBuildConfiguration;
			buildSettings = {
				ALWAYS_SEARCH_USER_PATHS = NO;
				CLANG_ANALYZER_NONNULL = YES;
				CLANG_CXX_LANGUAGE_STANDARD = "gnu++0x";
				CLANG_CXX_LIBRARY = "libc++";
				CLANG_ENABLE_MODULES = YES;
				CLANG_ENABLE_OBJC_ARC = YES;
				CLANG_WARN_BOOL_CONVERSION = YES;
				CLANG_WARN_CONSTANT_CONVERSION = YES;
				CLANG_WARN_DIRECT_OBJC_ISA_USAGE = YES_ERROR;
				CLANG_WARN_EMPTY_BODY = YES;
				CLANG_WARN_ENUM_CONVERSION = YES;
				CLANG_WARN_INT_CONVERSION = YES;
				CLANG_WARN_OBJC_ROOT_CLASS = YES_ERROR;
				CLANG_WARN_UNREACHABLE_CODE = YES;
				CLANG_WARN__DUPLICATE_METHOD_MATCH = YES;
				"CODE_SIGN_IDENTITY[sdk=iphoneos*]" = "iPhone Developer";
				COPY_PHASE_STRIP = NO;
				DEBUG_INFORMATION_FORMAT = "dwarf-with-dsym";
				ENABLE_NS_ASSERTIONS = NO;
				ENABLE_STRICT_OBJC_MSGSEND = YES;
				GCC_C_LANGUAGE_STANDARD = gnu99;
				GCC_NO_COMMON_BLOCKS = YES;
				GCC_WARN_64_TO_32_BIT_CONVERSION = YES;
				GCC_WARN_ABOUT_RETURN_TYPE = YES_ERROR;
				GCC_WARN_UNDECLARED_SELECTOR = YES;
				GCC_WARN_UNINITIALIZED_AUTOS = YES_AGGRESSIVE;
				GCC_WARN_UNUSED_FUNCTION = YES;
				GCC_WARN_UNUSED_VARIABLE = YES;
				IPHONEOS_DEPLOYMENT_TARGET = 9.3;
				MTL_ENABLE_DEBUG_INFO = NO;
				SDKROOT = iphoneos;
				VALIDATE_PRODUCT = YES;
			};
			name = Release;
		};
		FACA18F21D4E11DB001578C7 /* Debug */ = {
			isa = XCBuildConfiguration;
			buildSettings = {
				ASSETCATALOG_COMPILER_APPICON_NAME = AppIcon;
				INFOPLIST_FILE = "Lesson 06 - Displaying Text with UILabel/Info.plist";
				LD_RUNPATH_SEARCH_PATHS = "$(inherited) @executable_path/Frameworks";
				PRODUCT_BUNDLE_IDENTIFIER = "com.example.Lesson-06---Displaying-Text-with-UILabel";
				PRODUCT_NAME = "$(TARGET_NAME)";
			};
			name = Debug;
		};
		FACA18F31D4E11DB001578C7 /* Release */ = {
			isa = XCBuildConfiguration;
			buildSettings = {
				ASSETCATALOG_COMPILER_APPICON_NAME = AppIcon;
				INFOPLIST_FILE = "Lesson 06 - Displaying Text with UILabel/Info.plist";
				LD_RUNPATH_SEARCH_PATHS = "$(inherited) @executable_path/Frameworks";
				PRODUCT_BUNDLE_IDENTIFIER = "com.example.Lesson-06---Displaying-Text-with-UILabel";
				PRODUCT_NAME = "$(TARGET_NAME)";
			};
			name = Release;
		};
/* End XCBuildConfiguration section */

/* Begin XCConfigurationList section */
		FACA18DA1D4E11DB001578C7 /* Build configuration list for PBXProject "Lesson 06 - Displaying Text with UILabel" */ = {
			isa = XCConfigurationList;
			buildConfigurations = (
				FACA18EF1D4E11DB001578C7 /* Debug */,
				FACA18F01D4E11DB001578C7 /* Release */,
			);
			defaultConfigurationIsVisible = 0;
			defaultConfigurationName = Release;
		};
		FACA18F11D4E11DB001578C7 /* Build configuration list for PBXNativeTarget "Lesson 06 - Displaying Text with UILabel" */ = {
			isa = XCConfigurationList;
			buildConfigurations = (
				FACA18F21D4E11DB001578C7 /* Debug */,
				FACA18F31D4E11DB001578C7 /* Release */,
			);
			defaultConfigurationIsVisible = 0;
		};
/* End XCConfigurationList section */
	};
	rootObject = FACA18D71D4E11DB001578C7 /* Project object */;
}
