// !$*UTF8*$!
{
	archiveVersion = 1;
	classes = {
	};
	objectVersion = 46;
	objects = {

/* Begin PBXBuildFile section */
		FAD5AE1E1D643C260007129C /* AppDelegate.swift in Sources */ = {isa = PBXBuildFile; fileRef = FAD5AE1D1D643C260007129C /* AppDelegate.swift */; };
		FAD5AE201D643C260007129C /* ViewController.swift in Sources */ = {isa = PBXBuildFile; fileRef = FAD5AE1F1D643C260007129C /* ViewController.swift */; };
		FAD5AE231D643C260007129C /* Main.storyboard in Resources */ = {isa = PBXBuildFile; fileRef = FAD5AE211D643C260007129C /* Main.storyboard */; };
		FAD5AE251D643C260007129C /* Assets.xcassets in Resources */ = {isa = PBXBuildFile; fileRef = FAD5AE241D643C260007129C /* Assets.xcassets */; };
		FAD5AE281D643C260007129C /* LaunchScreen.storyboard in Resources */ = {isa = PBXBuildFile; fileRef = FAD5AE261D643C260007129C /* LaunchScreen.storyboard */; };
/* End PBXBuildFile section */

/* Begin PBXFileReference section */
		FAD5AE1A1D643C260007129C /* Lesson 11 - Dismissing the Keyboard.app */ = {isa = PBXFileReference; explicitFileType = wrapper.application; includeInIndex = 0; path = "Lesson 11 - Dismissing the Keyboard.app"; sourceTree = BUILT_PRODUCTS_DIR; };
		FAD5AE1D1D643C260007129C /* AppDelegate.swift */ = {isa = PBXFileReference; lastKnownFileType = sourcecode.swift; path = AppDelegate.swift; sourceTree = "<group>"; };
		FAD5AE1F1D643C260007129C /* ViewController.swift */ = {isa = PBXFileReference; lastKnownFileType = sourcecode.swift; path = ViewController.swift; sourceTree = "<group>"; };
		FAD5AE221D643C260007129C /* Base */ = {isa = PBXFileReference; lastKnownFileType = file.storyboard; name = Base; path = Base.lproj/Main.storyboard; sourceTree = "<group>"; };
		FAD5AE241D643C260007129C /* Assets.xcassets */ = {isa = PBXFileReference; lastKnownFileType = folder.assetcatalog; path = Assets.xcassets; sourceTree = "<group>"; };
		FAD5AE271D643C260007129C /* Base */ = {isa = PBXFileReference; lastKnownFileType = file.storyboard; name = Base; path = Base.lproj/LaunchScreen.storyboard; sourceTree = "<group>"; };
		FAD5AE291D643C260007129C /* Info.plist */ = {isa = PBXFileReference; lastKnownFileType = text.plist.xml; path = Info.plist; sourceTree = "<group>"; };
/* End PBXFileReference section */

/* Begin PBXFrameworksBuildPhase section */
		FAD5AE171D643C260007129C /* Frameworks */ = {
			isa = PBXFrameworksBuildPhase;
			buildActionMask = 2147483647;
			files = (
			);
			runOnlyForDeploymentPostprocessing = 0;
		};
/* End PBXFrameworksBuildPhase section */

/* Begin PBXGroup section */
		FAD5AE111D643C260007129C = {
			isa = PBXGroup;
			children = (
				FAD5AE1C1D643C260007129C /* Lesson 11 - Dismissing the Keyboard */,
				FAD5AE1B1D643C260007129C /* Products */,
			);
			sourceTree = "<group>";
		};
		FAD5AE1B1D643C260007129C /* Products */ = {
			isa = PBXGroup;
			children = (
				FAD5AE1A1D643C260007129C /* Lesson 11 - Dismissing the Keyboard.app */,
			);
			name = Products;
			sourceTree = "<group>";
		};
		FAD5AE1C1D643C260007129C /* Lesson 11 - Dismissing the Keyboard */ = {
			isa = PBXGroup;
			children = (
				FAD5AE1D1D643C260007129C /* AppDelegate.swift */,
				FAD5AE1F1D643C260007129C /* ViewController.swift */,
				FAD5AE211D643C260007129C /* Main.storyboard */,
				FAD5AE241D643C260007129C /* Assets.xcassets */,
				FAD5AE261D643C260007129C /* LaunchScreen.storyboard */,
				FAD5AE291D643C260007129C /* Info.plist */,
			);
			path = "Lesson 11 - Dismissing the Keyboard";
			sourceTree = "<group>";
		};
/* End PBXGroup section */

/* Begin PBXNativeTarget section */
		FAD5AE191D643C260007129C /* Lesson 11 - Dismissing the Keyboard */ = {
			isa = PBXNativeTarget;
			buildConfigurationList = FAD5AE2C1D643C260007129C /* Build configuration list for PBXNativeTarget "Lesson 11 - Dismissing the Keyboard" */;
			buildPhases = (
				FAD5AE161D643C260007129C /* Sources */,
				FAD5AE171D643C260007129C /* Frameworks */,
				FAD5AE181D643C260007129C /* Resources */,
			);
			buildRules = (
			);
			dependencies = (
			);
			name = "Lesson 11 - Dismissing the Keyboard";
			productName = "Lesson 11 - Dismissing the Keyboard";
			productReference = FAD5AE1A1D643C260007129C /* Lesson 11 - Dismissing the Keyboard.app */;
			productType = "com.apple.product-type.application";
		};
/* End PBXNativeTarget section */

/* Begin PBXProject section */
		FAD5AE121D643C260007129C /* Project object */ = {
			isa = PBXProject;
			attributes = {
				LastSwiftUpdateCheck = 0730;
				LastUpgradeCheck = 0730;
				ORGANIZATIONNAME = Alex;
				TargetAttributes = {
					FAD5AE191D643C260007129C = {
						CreatedOnToolsVersion = 7.3.1;
					};
				};
			};
			buildConfigurationList = FAD5AE151D643C260007129C /* Build configuration list for PBXProject "Lesson 11 - Dismissing the Keyboard" */;
			compatibilityVersion = "Xcode 3.2";
			developmentRegion = English;
			hasScannedForEncodings = 0;
			knownRegions = (
				en,
				Base,
			);
			mainGroup = FAD5AE111D643C260007129C;
			productRefGroup = FAD5AE1B1D643C260007129C /* Products */;
			projectDirPath = "";
			projectRoot = "";
			targets = (
				FAD5AE191D643C260007129C /* Lesson 11 - Dismissing the Keyboard */,
			);
		};
/* End PBXProject section */

/* Begin PBXResourcesBuildPhase section */
		FAD5AE181D643C260007129C /* Resources */ = {
			isa = PBXResourcesBuildPhase;
			buildActionMask = 2147483647;
			files = (
				FAD5AE281D643C260007129C /* LaunchScreen.storyboard in Resources */,
				FAD5AE251D643C260007129C /* Assets.xcassets in Resources */,
				FAD5AE231D643C260007129C /* Main.storyboard in Resources */,
			);
			runOnlyForDeploymentPostprocessing = 0;
		};
/* End PBXResourcesBuildPhase section */

/* Begin PBXSourcesBuildPhase section */
		FAD5AE161D643C260007129C /* Sources */ = {
			isa = PBXSourcesBuildPhase;
			buildActionMask = 2147483647;
			files = (
				FAD5AE201D643C260007129C /* ViewController.swift in Sources */,
				FAD5AE1E1D643C260007129C /* AppDelegate.swift in Sources */,
			);
			runOnlyForDeploymentPostprocessing = 0;
		};
/* End PBXSourcesBuildPhase section */

/* Begin PBXVariantGroup section */
		FAD5AE211D643C260007129C /* Main.storyboard */ = {
			isa = PBXVariantGroup;
			children = (
				FAD5AE221D643C260007129C /* Base */,
			);
			name = Main.storyboard;
			sourceTree = "<group>";
		};
		FAD5AE261D643C260007129C /* LaunchScreen.storyboard */ = {
			isa = PBXVariantGroup;
			children = (
				FAD5AE271D643C260007129C /* Base */,
			);
			name = LaunchScreen.storyboard;
			sourceTree = "<group>";
		};
/* End PBXVariantGroup section */

/* Begin XCBuildConfiguration section */
		FAD5AE2A1D643C260007129C /* Debug */ = {
			isa = XCBuildConfiguration;
			buildSettings = {
				ALWAYS_SEARCH_USER_PATHS = NO;
				CLANG_ANALYZER_NONNULL = YES;
				CLANG_CXX_LANGUAGE_STANDARD = "gnu++0x";
				CLANG_CXX_LIBRARY = "libc++";
				CLANG_ENABLE_MODULES = YES;
				CLANG_ENABLE_OBJC_ARC = YES;
				CLANG_WARN_BOOL_CONVERSION = YES;
				CLANG_WARN_CONSTANT_CONVERSION = YES;
				CLANG_WARN_DIRECT_OBJC_ISA_USAGE = YES_ERROR;
				CLANG_WARN_EMPTY_BODY = YES;
				CLANG_WARN_ENUM_CONVERSION = YES;
				CLANG_WARN_INT_CONVERSION = YES;
				CLANG_WARN_OBJC_ROOT_CLASS = YES_ERROR;
				CLANG_WARN_UNREACHABLE_CODE = YES;
				CLANG_WARN__DUPLICATE_METHOD_MATCH = YES;
				"CODE_SIGN_IDENTITY[sdk=iphoneos*]" = "iPhone Developer";
				COPY_PHASE_STRIP = NO;
				DEBUG_INFORMATION_FORMAT = dwarf;
				ENABLE_STRICT_OBJC_MSGSEND = YES;
				ENABLE_TESTABILITY = YES;
				GCC_C_LANGUAGE_STANDARD = gnu99;
				GCC_DYNAMIC_NO_PIC = NO;
				GCC_NO_COMMON_BLOCKS = YES;
				GCC_OPTIMIZATION_LEVEL = 0;
				GCC_PREPROCESSOR_DEFINITIONS = (
					"DEBUG=1",
					"$(inherited)",
				);
				GCC_WARN_64_TO_32_BIT_CONVERSION = YES;
				GCC_WARN_ABOUT_RETURN_TYPE = YES_ERROR;
				GCC_WARN_UNDECLARED_SELECTOR = YES;
				GCC_WARN_UNINITIALIZED_AUTOS = YES_AGGRESSIVE;
				GCC_WARN_UNUSED_FUNCTION = YES;
				GCC_WARN_UNUSED_VARIABLE = YES;
				IPHONEOS_DEPLOYMENT_TARGET = 9.3;
				MTL_ENABLE_DEBUG_INFO = YES;
				ONLY_ACTIVE_ARCH = YES;
				SDKROOT = iphoneos;
				SWIFT_OPTIMIZATION_LEVEL = "-Onone";
			};
			name = Debug;
		};
		FAD5AE2B1D643C260007129C /* Release */ = {
			isa = XCBuildConfiguration;
			buildSettings = {
				ALWAYS_SEARCH_USER_PATHS = NO;
				CLANG_ANALYZER_NONNULL = YES;
				CLANG_CXX_LANGUAGE_STANDARD = "gnu++0x";
				CLANG_CXX_LIBRARY = "libc++";
				CLANG_ENABLE_MODULES = YES;
				CLANG_ENABLE_OBJC_ARC = YES;
				CLANG_WARN_BOOL_CONVERSION = YES;
				CLANG_WARN_CONSTANT_CONVERSION = YES;
				CLANG_WARN_DIRECT_OBJC_ISA_USAGE = YES_ERROR;
				CLANG_WARN_EMPTY_BODY = YES;
				CLANG_WARN_ENUM_CONVERSION = YES;
				CLANG_WARN_INT_CONVERSION = YES;
				CLANG_WARN_OBJC_ROOT_CLASS = YES_ERROR;
				CLANG_WARN_UNREACHABLE_CODE = YES;
				CLANG_WARN__DUPLICATE_METHOD_MATCH = YES;
				"CODE_SIGN_IDENTITY[sdk=iphoneos*]" = "iPhone Developer";
				COPY_PHASE_STRIP = NO;
				DEBUG_INFORMATION_FORMAT = "dwarf-with-dsym";
				ENABLE_NS_ASSERTIONS = NO;
				ENABLE_STRICT_OBJC_MSGSEND = YES;
				GCC_C_LANGUAGE_STANDARD = gnu99;
				GCC_NO_COMMON_BLOCKS = YES;
				GCC_WARN_64_TO_32_BIT_CONVERSION = YES;
				GCC_WARN_ABOUT_RETURN_TYPE = YES_ERROR;
				GCC_WARN_UNDECLARED_SELECTOR = YES;
				GCC_WARN_UNINITIALIZED_AUTOS = YES_AGGRESSIVE;
				GCC_WARN_UNUSED_FUNCTION = YES;
				GCC_WARN_UNUSED_VARIABLE = YES;
				IPHONEOS_DEPLOYMENT_TARGET = 9.3;
				MTL_ENABLE_DEBUG_INFO = NO;
				SDKROOT = iphoneos;
				VALIDATE_PRODUCT = YES;
			};
			name = Release;
		};
		FAD5AE2D1D643C260007129C /* Debug */ = {
			isa = XCBuildConfiguration;
			buildSettings = {
				ASSETCATALOG_COMPILER_APPICON_NAME = AppIcon;
				INFOPLIST_FILE = "Lesson 11 - Dismissing the Keyboard/Info.plist";
				LD_RUNPATH_SEARCH_PATHS = "$(inherited) @executable_path/Frameworks";
				PRODUCT_BUNDLE_IDENTIFIER = "com.example.Lesson-11---Dismissing-the-Keyboard";
				PRODUCT_NAME = "$(TARGET_NAME)";
			};
			name = Debug;
		};
		FAD5AE2E1D643C260007129C /* Release */ = {
			isa = XCBuildConfiguration;
			buildSettings = {
				ASSETCATALOG_COMPILER_APPICON_NAME = AppIcon;
				INFOPLIST_FILE = "Lesson 11 - Dismissing the Keyboard/Info.plist";
				LD_RUNPATH_SEARCH_PATHS = "$(inherited) @executable_path/Frameworks";
				PRODUCT_BUNDLE_IDENTIFIER = "com.example.Lesson-11---Dismissing-the-Keyboard";
				PRODUCT_NAME = "$(TARGET_NAME)";
			};
			name = Release;
		};
/* End XCBuildConfiguration section */

/* Begin XCConfigurationList section */
		FAD5AE151D643C260007129C /* Build configuration list for PBXProject "Lesson 11 - Dismissing the Keyboard" */ = {
			isa = XCConfigurationList;
			buildConfigurations = (
				FAD5AE2A1D643C260007129C /* Debug */,
				FAD5AE2B1D643C260007129C /* Release */,
			);
			defaultConfigurationIsVisible = 0;
			defaultConfigurationName = Release;
		};
		FAD5AE2C1D643C260007129C /* Build configuration list for PBXNativeTarget "Lesson 11 - Dismissing the Keyboard" */ = {
			isa = XCConfigurationList;
			buildConfigurations = (
				FAD5AE2D1D643C260007129C /* Debug */,
				FAD5AE2E1D643C260007129C /* Release */,
			);
			defaultConfigurationIsVisible = 0;
		};
/* End XCConfigurationList section */
	};
	rootObject = FAD5AE121D643C260007129C /* Project object */;
}
