// !$*UTF8*$!
{
	archiveVersion = 1;
	classes = {
	};
	objectVersion = 46;
	objects = {

/* Begin PBXBuildFile section */
		FAF49F281D52081C00E0EBEC /* AppDelegate.swift in Sources */ = {isa = PBXBuildFile; fileRef = FAF49F271D52081C00E0EBEC /* AppDelegate.swift */; };
		FAF49F2A1D52081C00E0EBEC /* ViewController.swift in Sources */ = {isa = PBXBuildFile; fileRef = FAF49F291D52081C00E0EBEC /* ViewController.swift */; };
		FAF49F2D1D52081F00E0EBEC /* Main.storyboard in Resources */ = {isa = PBXBuildFile; fileRef = FAF49F2B1D52081F00E0EBEC /* Main.storyboard */; };
		FAF49F2F1D52082000E0EBEC /* Assets.xcassets in Resources */ = {isa = PBXBuildFile; fileRef = FAF49F2E1D52082000E0EBEC /* Assets.xcassets */; };
		FAF49F321D52082000E0EBEC /* LaunchScreen.storyboard in Resources */ = {isa = PBXBuildFile; fileRef = FAF49F301D52082000E0EBEC /* LaunchScreen.storyboard */; };
		FAF49F3A1D52116700E0EBEC /* User.swift in Sources */ = {isa = PBXBuildFile; fileRef = FAF49F391D52116700E0EBEC /* User.swift */; };
/* End PBXBuildFile section */

/* Begin PBXFileReference section */
		FAF49F241D52081B00E0EBEC /* Lesson 07 - Username and Password HW.app */ = {isa = PBXFileReference; explicitFileType = wrapper.application; includeInIndex = 0; path = "Lesson 07 - Username and Password HW.app"; sourceTree = BUILT_PRODUCTS_DIR; };
		FAF49F271D52081C00E0EBEC /* AppDelegate.swift */ = {isa = PBXFileReference; lastKnownFileType = sourcecode.swift; path = AppDelegate.swift; sourceTree = "<group>"; };
		FAF49F291D52081C00E0EBEC /* ViewController.swift */ = {isa = PBXFileReference; lastKnownFileType = sourcecode.swift; path = ViewController.swift; sourceTree = "<group>"; };
		FAF49F2C1D52081F00E0EBEC /* Base */ = {isa = PBXFileReference; lastKnownFileType = file.storyboard; name = Base; path = Base.lproj/Main.storyboard; sourceTree = "<group>"; };
		FAF49F2E1D52082000E0EBEC /* Assets.xcassets */ = {isa = PBXFileReference; lastKnownFileType = folder.assetcatalog; path = Assets.xcassets; sourceTree = "<group>"; };
		FAF49F311D52082000E0EBEC /* Base */ = {isa = PBXFileReference; lastKnownFileType = file.storyboard; name = Base; path = Base.lproj/LaunchScreen.storyboard; sourceTree = "<group>"; };
		FAF49F331D52082100E0EBEC /* Info.plist */ = {isa = PBXFileReference; lastKnownFileType = text.plist.xml; path = Info.plist; sourceTree = "<group>"; };
		FAF49F391D52116700E0EBEC /* User.swift */ = {isa = PBXFileReference; fileEncoding = 4; lastKnownFileType = sourcecode.swift; path = User.swift; sourceTree = "<group>"; };
/* End PBXFileReference section */

/* Begin PBXFrameworksBuildPhase section */
		FAF49F211D52081B00E0EBEC /* Frameworks */ = {
			isa = PBXFrameworksBuildPhase;
			buildActionMask = 2147483647;
			files = (
			);
			runOnlyForDeploymentPostprocessing = 0;
		};
/* End PBXFrameworksBuildPhase section */

/* Begin PBXGroup section */
		FAF49F1B1D52081500E0EBEC = {
			isa = PBXGroup;
			children = (
				FAF49F261D52081B00E0EBEC /* Lesson 07 - Username and Password HW */,
				FAF49F251D52081B00E0EBEC /* Products */,
			);
			sourceTree = "<group>";
		};
		FAF49F251D52081B00E0EBEC /* Products */ = {
			isa = PBXGroup;
			children = (
				FAF49F241D52081B00E0EBEC /* Lesson 07 - Username and Password HW.app */,
			);
			name = Products;
			sourceTree = "<group>";
		};
		FAF49F261D52081B00E0EBEC /* Lesson 07 - Username and Password HW */ = {
			isa = PBXGroup;
			children = (
				FAF49F271D52081C00E0EBEC /* AppDelegate.swift */,
				FAF49F291D52081C00E0EBEC /* ViewController.swift */,
				FAF49F2B1D52081F00E0EBEC /* Main.storyboard */,
				FAF49F2E1D52082000E0EBEC /* Assets.xcassets */,
				FAF49F301D52082000E0EBEC /* LaunchScreen.storyboard */,
				FAF49F331D52082100E0EBEC /* Info.plist */,
				FAF49F391D52116700E0EBEC /* User.swift */,
			);
			path = "Lesson 07 - Username and Password HW";
			sourceTree = "<group>";
		};
/* End PBXGroup section */

/* Begin PBXNativeTarget section */
		FAF49F231D52081B00E0EBEC /* Lesson 07 - Username and Password HW */ = {
			isa = PBXNativeTarget;
			buildConfigurationList = FAF49F361D52082100E0EBEC /* Build configuration list for PBXNativeTarget "Lesson 07 - Username and Password HW" */;
			buildPhases = (
				FAF49F201D52081B00E0EBEC /* Sources */,
				FAF49F211D52081B00E0EBEC /* Frameworks */,
				FAF49F221D52081B00E0EBEC /* Resources */,
			);
			buildRules = (
			);
			dependencies = (
			);
			name = "Lesson 07 - Username and Password HW";
			productName = "Lesson 07 - Username and Password HW";
			productReference = FAF49F241D52081B00E0EBEC /* Lesson 07 - Username and Password HW.app */;
			productType = "com.apple.product-type.application";
		};
/* End PBXNativeTarget section */

/* Begin PBXProject section */
		FAF49F1C1D52081500E0EBEC /* Project object */ = {
			isa = PBXProject;
			attributes = {
				LastSwiftUpdateCheck = 0730;
				LastUpgradeCheck = 0730;
				ORGANIZATIONNAME = Alex;
				TargetAttributes = {
					FAF49F231D52081B00E0EBEC = {
						CreatedOnToolsVersion = 7.3.1;
					};
				};
			};
			buildConfigurationList = FAF49F1F1D52081500E0EBEC /* Build configuration list for PBXProject "Lesson 07 - Username and Password HW" */;
			compatibilityVersion = "Xcode 3.2";
			developmentRegion = English;
			hasScannedForEncodings = 0;
			knownRegions = (
				en,
				Base,
			);
			mainGroup = FAF49F1B1D52081500E0EBEC;
			productRefGroup = FAF49F251D52081B00E0EBEC /* Products */;
			projectDirPath = "";
			projectRoot = "";
			targets = (
				FAF49F231D52081B00E0EBEC /* Lesson 07 - Username and Password HW */,
			);
		};
/* End PBXProject section */

/* Begin PBXResourcesBuildPhase section */
		FAF49F221D52081B00E0EBEC /* Resources */ = {
			isa = PBXResourcesBuildPhase;
			buildActionMask = 2147483647;
			files = (
				FAF49F321D52082000E0EBEC /* LaunchScreen.storyboard in Resources */,
				FAF49F2F1D52082000E0EBEC /* Assets.xcassets in Resources */,
				FAF49F2D1D52081F00E0EBEC /* Main.storyboard in Resources */,
			);
			runOnlyForDeploymentPostprocessing = 0;
		};
/* End PBXResourcesBuildPhase section */

/* Begin PBXSourcesBuildPhase section */
		FAF49F201D52081B00E0EBEC /* Sources */ = {
			isa = PBXSourcesBuildPhase;
			buildActionMask = 2147483647;
			files = (
				FAF49F2A1D52081C00E0EBEC /* ViewController.swift in Sources */,
				FAF49F281D52081C00E0EBEC /* AppDelegate.swift in Sources */,
				FAF49F3A1D52116700E0EBEC /* User.swift in Sources */,
			);
			runOnlyForDeploymentPostprocessing = 0;
		};
/* End PBXSourcesBuildPhase section */

/* Begin PBXVariantGroup section */
		FAF49F2B1D52081F00E0EBEC /* Main.storyboard */ = {
			isa = PBXVariantGroup;
			children = (
				FAF49F2C1D52081F00E0EBEC /* Base */,
			);
			name = Main.storyboard;
			sourceTree = "<group>";
		};
		FAF49F301D52082000E0EBEC /* LaunchScreen.storyboard */ = {
			isa = PBXVariantGroup;
			children = (
				FAF49F311D52082000E0EBEC /* Base */,
			);
			name = LaunchScreen.storyboard;
			sourceTree = "<group>";
		};
/* End PBXVariantGroup section */

/* Begin XCBuildConfiguration section */
		FAF49F341D52082100E0EBEC /* Debug */ = {
			isa = XCBuildConfiguration;
			buildSettings = {
				ALWAYS_SEARCH_USER_PATHS = NO;
				CLANG_ANALYZER_NONNULL = YES;
				CLANG_CXX_LANGUAGE_STANDARD = "gnu++0x";
				CLANG_CXX_LIBRARY = "libc++";
				CLANG_ENABLE_MODULES = YES;
				CLANG_ENABLE_OBJC_ARC = YES;
				CLANG_WARN_BOOL_CONVERSION = YES;
				CLANG_WARN_CONSTANT_CONVERSION = YES;
				CLANG_WARN_DIRECT_OBJC_ISA_USAGE = YES_ERROR;
				CLANG_WARN_EMPTY_BODY = YES;
				CLANG_WARN_ENUM_CONVERSION = YES;
				CLANG_WARN_INT_CONVERSION = YES;
				CLANG_WARN_OBJC_ROOT_CLASS = YES_ERROR;
				CLANG_WARN_UNREACHABLE_CODE = YES;
				CLANG_WARN__DUPLICATE_METHOD_MATCH = YES;
				"CODE_SIGN_IDENTITY[sdk=iphoneos*]" = "iPhone Developer";
				COPY_PHASE_STRIP = NO;
				DEBUG_INFORMATION_FORMAT = dwarf;
				ENABLE_STRICT_OBJC_MSGSEND = YES;
				ENABLE_TESTABILITY = YES;
				GCC_C_LANGUAGE_STANDARD = gnu99;
				GCC_DYNAMIC_NO_PIC = NO;
				GCC_NO_COMMON_BLOCKS = YES;
				GCC_OPTIMIZATION_LEVEL = 0;
				GCC_PREPROCESSOR_DEFINITIONS = (
					"DEBUG=1",
					"$(inherited)",
				);
				GCC_WARN_64_TO_32_BIT_CONVERSION = YES;
				GCC_WARN_ABOUT_RETURN_TYPE = YES_ERROR;
				GCC_WARN_UNDECLARED_SELECTOR = YES;
				GCC_WARN_UNINITIALIZED_AUTOS = YES_AGGRESSIVE;
				GCC_WARN_UNUSED_FUNCTION = YES;
				GCC_WARN_UNUSED_VARIABLE = YES;
				IPHONEOS_DEPLOYMENT_TARGET = 9.3;
				MTL_ENABLE_DEBUG_INFO = YES;
				ONLY_ACTIVE_ARCH = YES;
				SDKROOT = iphoneos;
				SWIFT_OPTIMIZATION_LEVEL = "-Onone";
			};
			name = Debug;
		};
		FAF49F351D52082100E0EBEC /* Release */ = {
			isa = XCBuildConfiguration;
			buildSettings = {
				ALWAYS_SEARCH_USER_PATHS = NO;
				CLANG_ANALYZER_NONNULL = YES;
				CLANG_CXX_LANGUAGE_STANDARD = "gnu++0x";
				CLANG_CXX_LIBRARY = "libc++";
				CLANG_ENABLE_MODULES = YES;
				CLANG_ENABLE_OBJC_ARC = YES;
				CLANG_WARN_BOOL_CONVERSION = YES;
				CLANG_WARN_CONSTANT_CONVERSION = YES;
				CLANG_WARN_DIRECT_OBJC_ISA_USAGE = YES_ERROR;
				CLANG_WARN_EMPTY_BODY = YES;
				CLANG_WARN_ENUM_CONVERSION = YES;
				CLANG_WARN_INT_CONVERSION = YES;
				CLANG_WARN_OBJC_ROOT_CLASS = YES_ERROR;
				CLANG_WARN_UNREACHABLE_CODE = YES;
				CLANG_WARN__DUPLICATE_METHOD_MATCH = YES;
				"CODE_SIGN_IDENTITY[sdk=iphoneos*]" = "iPhone Developer";
				COPY_PHASE_STRIP = NO;
				DEBUG_INFORMATION_FORMAT = "dwarf-with-dsym";
				ENABLE_NS_ASSERTIONS = NO;
				ENABLE_STRICT_OBJC_MSGSEND = YES;
				GCC_C_LANGUAGE_STANDARD = gnu99;
				GCC_NO_COMMON_BLOCKS = YES;
				GCC_WARN_64_TO_32_BIT_CONVERSION = YES;
				GCC_WARN_ABOUT_RETURN_TYPE = YES_ERROR;
				GCC_WARN_UNDECLARED_SELECTOR = YES;
				GCC_WARN_UNINITIALIZED_AUTOS = YES_AGGRESSIVE;
				GCC_WARN_UNUSED_FUNCTION = YES;
				GCC_WARN_UNUSED_VARIABLE = YES;
				IPHONEOS_DEPLOYMENT_TARGET = 9.3;
				MTL_ENABLE_DEBUG_INFO = NO;
				SDKROOT = iphoneos;
				VALIDATE_PRODUCT = YES;
			};
			name = Release;
		};
		FAF49F371D52082100E0EBEC /* Debug */ = {
			isa = XCBuildConfiguration;
			buildSettings = {
				ASSETCATALOG_COMPILER_APPICON_NAME = AppIcon;
				INFOPLIST_FILE = "Lesson 07 - Username and Password HW/Info.plist";
				LD_RUNPATH_SEARCH_PATHS = "$(inherited) @executable_path/Frameworks";
				PRODUCT_BUNDLE_IDENTIFIER = "com.example.Lesson-07---Username-and-Password-HW";
				PRODUCT_NAME = "$(TARGET_NAME)";
			};
			name = Debug;
		};
		FAF49F381D52082100E0EBEC /* Release */ = {
			isa = XCBuildConfiguration;
			buildSettings = {
				ASSETCATALOG_COMPILER_APPICON_NAME = AppIcon;
				INFOPLIST_FILE = "Lesson 07 - Username and Password HW/Info.plist";
				LD_RUNPATH_SEARCH_PATHS = "$(inherited) @executable_path/Frameworks";
				PRODUCT_BUNDLE_IDENTIFIER = "com.example.Lesson-07---Username-and-Password-HW";
				PRODUCT_NAME = "$(TARGET_NAME)";
			};
			name = Release;
		};
/* End XCBuildConfiguration section */

/* Begin XCConfigurationList section */
		FAF49F1F1D52081500E0EBEC /* Build configuration list for PBXProject "Lesson 07 - Username and Password HW" */ = {
			isa = XCConfigurationList;
			buildConfigurations = (
				FAF49F341D52082100E0EBEC /* Debug */,
				FAF49F351D52082100E0EBEC /* Release */,
			);
			defaultConfigurationIsVisible = 0;
			defaultConfigurationName = Release;
		};
		FAF49F361D52082100E0EBEC /* Build configuration list for PBXNativeTarget "Lesson 07 - Username and Password HW" */ = {
			isa = XCConfigurationList;
			buildConfigurations = (
				FAF49F371D52082100E0EBEC /* Debug */,
				FAF49F381D52082100E0EBEC /* Release */,
			);
			defaultConfigurationIsVisible = 0;
		};
/* End XCConfigurationList section */
	};
	rootObject = FAF49F1C1D52081500E0EBEC /* Project object */;
}
