// !$*UTF8*$!
{
	archiveVersion = 1;
	classes = {
	};
	objectVersion = 46;
	objects = {

/* Begin PBXBuildFile section */
		FAD5F5C21D8577CC002CFD45 /* AppDelegate.swift in Sources */ = {isa = PBXBuildFile; fileRef = FAD5F5C11D8577CC002CFD45 /* AppDelegate.swift */; };
		FAD5F5C41D8577CC002CFD45 /* ViewController.swift in Sources */ = {isa = PBXBuildFile; fileRef = FAD5F5C31D8577CC002CFD45 /* ViewController.swift */; };
		FAD5F5C71D8577CC002CFD45 /* Main.storyboard in Resources */ = {isa = PBXBuildFile; fileRef = FAD5F5C51D8577CC002CFD45 /* Main.storyboard */; };
		FAD5F5CC1D8577CC002CFD45 /* Assets.xcassets in Resources */ = {isa = PBXBuildFile; fileRef = FAD5F5CB1D8577CC002CFD45 /* Assets.xcassets */; };
		FAD5F5CF1D8577CC002CFD45 /* LaunchScreen.storyboard in Resources */ = {isa = PBXBuildFile; fileRef = FAD5F5CD1D8577CC002CFD45 /* LaunchScreen.storyboard */; };
		FAD5F5D71D8578C4002CFD45 /* Person.swift in Sources */ = {isa = PBXBuildFile; fileRef = FAD5F5D61D8578C4002CFD45 /* Person.swift */; };
/* End PBXBuildFile section */

/* Begin PBXFileReference section */
		FAD5F5BE1D8577CC002CFD45 /* Lesson 18 - Core Data.app */ = {isa = PBXFileReference; explicitFileType = wrapper.application; includeInIndex = 0; path = "Lesson 18 - Core Data.app"; sourceTree = BUILT_PRODUCTS_DIR; };
		FAD5F5C11D8577CC002CFD45 /* AppDelegate.swift */ = {isa = PBXFileReference; lastKnownFileType = sourcecode.swift; path = AppDelegate.swift; sourceTree = "<group>"; };
		FAD5F5C31D8577CC002CFD45 /* ViewController.swift */ = {isa = PBXFileReference; lastKnownFileType = sourcecode.swift; path = ViewController.swift; sourceTree = "<group>"; };
		FAD5F5C61D8577CC002CFD45 /* Base */ = {isa = PBXFileReference; lastKnownFileType = file.storyboard; name = Base; path = Base.lproj/Main.storyboard; sourceTree = "<group>"; };
		FAD5F5CB1D8577CC002CFD45 /* Assets.xcassets */ = {isa = PBXFileReference; lastKnownFileType = folder.assetcatalog; path = Assets.xcassets; sourceTree = "<group>"; };
		FAD5F5CE1D8577CC002CFD45 /* Base */ = {isa = PBXFileReference; lastKnownFileType = file.storyboard; name = Base; path = Base.lproj/LaunchScreen.storyboard; sourceTree = "<group>"; };
		FAD5F5D01D8577CC002CFD45 /* Info.plist */ = {isa = PBXFileReference; lastKnownFileType = text.plist.xml; path = Info.plist; sourceTree = "<group>"; };
		FAD5F5D61D8578C4002CFD45 /* Person.swift */ = {isa = PBXFileReference; fileEncoding = 4; lastKnownFileType = sourcecode.swift; path = Person.swift; sourceTree = "<group>"; };
/* End PBXFileReference section */

/* Begin PBXFrameworksBuildPhase section */
		FAD5F5BB1D8577CC002CFD45 /* Frameworks */ = {
			isa = PBXFrameworksBuildPhase;
			buildActionMask = 2147483647;
			files = (
			);
			runOnlyForDeploymentPostprocessing = 0;
		};
/* End PBXFrameworksBuildPhase section */

/* Begin PBXGroup section */
		FAD5F5B51D8577CC002CFD45 = {
			isa = PBXGroup;
			children = (
				FAD5F5C01D8577CC002CFD45 /* Lesson 18 - Core Data */,
				FAD5F5BF1D8577CC002CFD45 /* Products */,
			);
			sourceTree = "<group>";
		};
		FAD5F5BF1D8577CC002CFD45 /* Products */ = {
			isa = PBXGroup;
			children = (
				FAD5F5BE1D8577CC002CFD45 /* Lesson 18 - Core Data.app */,
			);
			name = Products;
			sourceTree = "<group>";
		};
		FAD5F5C01D8577CC002CFD45 /* Lesson 18 - Core Data */ = {
			isa = PBXGroup;
			children = (
				FAD5F5C11D8577CC002CFD45 /* AppDelegate.swift */,
				FAD5F5C31D8577CC002CFD45 /* ViewController.swift */,
				FAD5F5C51D8577CC002CFD45 /* Main.storyboard */,
				FAD5F5CB1D8577CC002CFD45 /* Assets.xcassets */,
				FAD5F5CD1D8577CC002CFD45 /* LaunchScreen.storyboard */,
				FAD5F5D01D8577CC002CFD45 /* Info.plist */,
				FAD5F5D61D8578C4002CFD45 /* Person.swift */,
			);
			path = "Lesson 18 - Core Data";
			sourceTree = "<group>";
		};
/* End PBXGroup section */

/* Begin PBXNativeTarget section */
		FAD5F5BD1D8577CC002CFD45 /* Lesson 18 - Core Data */ = {
			isa = PBXNativeTarget;
			buildConfigurationList = FAD5F5D31D8577CC002CFD45 /* Build configuration list for PBXNativeTarget "Lesson 18 - Core Data" */;
			buildPhases = (
				FAD5F5BA1D8577CC002CFD45 /* Sources */,
				FAD5F5BB1D8577CC002CFD45 /* Frameworks */,
				FAD5F5BC1D8577CC002CFD45 /* Resources */,
			);
			buildRules = (
			);
			dependencies = (
			);
			name = "Lesson 18 - Core Data";
			productName = "Lesson 18 - Core Data";
			productReference = FAD5F5BE1D8577CC002CFD45 /* Lesson 18 - Core Data.app */;
			productType = "com.apple.product-type.application";
		};
/* End PBXNativeTarget section */

/* Begin PBXProject section */
		FAD5F5B61D8577CC002CFD45 /* Project object */ = {
			isa = PBXProject;
			attributes = {
				LastSwiftUpdateCheck = 0730;
				LastUpgradeCheck = 0810;
				ORGANIZATIONNAME = Alex;
				TargetAttributes = {
					FAD5F5BD1D8577CC002CFD45 = {
						CreatedOnToolsVersion = 7.3.1;
						LastSwiftMigration = 0810;
					};
				};
			};
			buildConfigurationList = FAD5F5B91D8577CC002CFD45 /* Build configuration list for PBXProject "Lesson 18 - Core Data" */;
			compatibilityVersion = "Xcode 3.2";
			developmentRegion = English;
			hasScannedForEncodings = 0;
			knownRegions = (
				en,
				Base,
			);
			mainGroup = FAD5F5B51D8577CC002CFD45;
			productRefGroup = FAD5F5BF1D8577CC002CFD45 /* Products */;
			projectDirPath = "";
			projectRoot = "";
			targets = (
				FAD5F5BD1D8577CC002CFD45 /* Lesson 18 - Core Data */,
			);
		};
/* End PBXProject section */

/* Begin PBXResourcesBuildPhase section */
		FAD5F5BC1D8577CC002CFD45 /* Resources */ = {
			isa = PBXResourcesBuildPhase;
			buildActionMask = 2147483647;
			files = (
				FAD5F5CF1D8577CC002CFD45 /* LaunchScreen.storyboard in Resources */,
				FAD5F5CC1D8577CC002CFD45 /* Assets.xcassets in Resources */,
				FAD5F5C71D8577CC002CFD45 /* Main.storyboard in Resources */,
			);
			runOnlyForDeploymentPostprocessing = 0;
		};
/* End PBXResourcesBuildPhase section */

/* Begin PBXSourcesBuildPhase section */
		FAD5F5BA1D8577CC002CFD45 /* Sources */ = {
			isa = PBXSourcesBuildPhase;
			buildActionMask = 2147483647;
			files = (
				FAD5F5C41D8577CC002CFD45 /* ViewController.swift in Sources */,
				FAD5F5C21D8577CC002CFD45 /* AppDelegate.swift in Sources */,
				FAD5F5D71D8578C4002CFD45 /* Person.swift in Sources */,
			);
			runOnlyForDeploymentPostprocessing = 0;
		};
/* End PBXSourcesBuildPhase section */

/* Begin PBXVariantGroup section */
		FAD5F5C51D8577CC002CFD45 /* Main.storyboard */ = {
			isa = PBXVariantGroup;
			children = (
				FAD5F5C61D8577CC002CFD45 /* Base */,
			);
			name = Main.storyboard;
			sourceTree = "<group>";
		};
		FAD5F5CD1D8577CC002CFD45 /* LaunchScreen.storyboard */ = {
			isa = PBXVariantGroup;
			children = (
				FAD5F5CE1D8577CC002CFD45 /* Base */,
			);
			name = LaunchScreen.storyboard;
			sourceTree = "<group>";
		};
/* End PBXVariantGroup section */

/* Begin XCBuildConfiguration section */
		FAD5F5D11D8577CC002CFD45 /* Debug */ = {
			isa = XCBuildConfiguration;
			buildSettings = {
				ALWAYS_SEARCH_USER_PATHS = NO;
				CLANG_ANALYZER_NONNULL = YES;
				CLANG_CXX_LANGUAGE_STANDARD = "gnu++0x";
				CLANG_CXX_LIBRARY = "libc++";
				CLANG_ENABLE_MODULES = YES;
				CLANG_ENABLE_OBJC_ARC = YES;
				CLANG_WARN_BOOL_CONVERSION = YES;
				CLANG_WARN_CONSTANT_CONVERSION = YES;
				CLANG_WARN_DIRECT_OBJC_ISA_USAGE = YES_ERROR;
				CLANG_WARN_EMPTY_BODY = YES;
				CLANG_WARN_ENUM_CONVERSION = YES;
				CLANG_WARN_INFINITE_RECURSION = YES;
				CLANG_WARN_INT_CONVERSION = YES;
				CLANG_WARN_OBJC_ROOT_CLASS = YES_ERROR;
				CLANG_WARN_SUSPICIOUS_MOVE = YES;
				CLANG_WARN_UNREACHABLE_CODE = YES;
				CLANG_WARN__DUPLICATE_METHOD_MATCH = YES;
				"CODE_SIGN_IDENTITY[sdk=iphoneos*]" = "iPhone Developer";
				COPY_PHASE_STRIP = NO;
				DEBUG_INFORMATION_FORMAT = dwarf;
				ENABLE_STRICT_OBJC_MSGSEND = YES;
				ENABLE_TESTABILITY = YES;
				GCC_C_LANGUAGE_STANDARD = gnu99;
				GCC_DYNAMIC_NO_PIC = NO;
				GCC_NO_COMMON_BLOCKS = YES;
				GCC_OPTIMIZATION_LEVEL = 0;
				GCC_PREPROCESSOR_DEFINITIONS = (
					"DEBUG=1",
					"$(inherited)",
				);
				GCC_WARN_64_TO_32_BIT_CONVERSION = YES;
				GCC_WARN_ABOUT_RETURN_TYPE = YES_ERROR;
				GCC_WARN_UNDECLARED_SELECTOR = YES;
				GCC_WARN_UNINITIALIZED_AUTOS = YES_AGGRESSIVE;
				GCC_WARN_UNUSED_FUNCTION = YES;
				GCC_WARN_UNUSED_VARIABLE = YES;
				IPHONEOS_DEPLOYMENT_TARGET = 9.3;
				MTL_ENABLE_DEBUG_INFO = YES;
				ONLY_ACTIVE_ARCH = YES;
				SDKROOT = iphoneos;
				SWIFT_OPTIMIZATION_LEVEL = "-Onone";
			};
			name = Debug;
		};
		FAD5F5D21D8577CC002CFD45 /* Release */ = {
			isa = XCBuildConfiguration;
			buildSettings = {
				ALWAYS_SEARCH_USER_PATHS = NO;
				CLANG_ANALYZER_NONNULL = YES;
				CLANG_CXX_LANGUAGE_STANDARD = "gnu++0x";
				CLANG_CXX_LIBRARY = "libc++";
				CLANG_ENABLE_MODULES = YES;
				CLANG_ENABLE_OBJC_ARC = YES;
				CLANG_WARN_BOOL_CONVERSION = YES;
				CLANG_WARN_CONSTANT_CONVERSION = YES;
				CLANG_WARN_DIRECT_OBJC_ISA_USAGE = YES_ERROR;
				CLANG_WARN_EMPTY_BODY = YES;
				CLANG_WARN_ENUM_CONVERSION = YES;
				CLANG_WARN_INFINITE_RECURSION = YES;
				CLANG_WARN_INT_CONVERSION = YES;
				CLANG_WARN_OBJC_ROOT_CLASS = YES_ERROR;
				CLANG_WARN_SUSPICIOUS_MOVE = YES;
				CLANG_WARN_UNREACHABLE_CODE = YES;
				CLANG_WARN__DUPLICATE_METHOD_MATCH = YES;
				"CODE_SIGN_IDENTITY[sdk=iphoneos*]" = "iPhone Developer";
				COPY_PHASE_STRIP = NO;
				DEBUG_INFORMATION_FORMAT = "dwarf-with-dsym";
				ENABLE_NS_ASSERTIONS = NO;
				ENABLE_STRICT_OBJC_MSGSEND = YES;
				GCC_C_LANGUAGE_STANDARD = gnu99;
				GCC_NO_COMMON_BLOCKS = YES;
				GCC_WARN_64_TO_32_BIT_CONVERSION = YES;
				GCC_WARN_ABOUT_RETURN_TYPE = YES_ERROR;
				GCC_WARN_UNDECLARED_SELECTOR = YES;
				GCC_WARN_UNINITIALIZED_AUTOS = YES_AGGRESSIVE;
				GCC_WARN_UNUSED_FUNCTION = YES;
				GCC_WARN_UNUSED_VARIABLE = YES;
				IPHONEOS_DEPLOYMENT_TARGET = 9.3;
				MTL_ENABLE_DEBUG_INFO = NO;
				SDKROOT = iphoneos;
				SWIFT_OPTIMIZATION_LEVEL = "-Owholemodule";
				VALIDATE_PRODUCT = YES;
			};
			name = Release;
		};
		FAD5F5D41D8577CC002CFD45 /* Debug */ = {
			isa = XCBuildConfiguration;
			buildSettings = {
				ASSETCATALOG_COMPILER_APPICON_NAME = AppIcon;
				INFOPLIST_FILE = "Lesson 18 - Core Data/Info.plist";
				LD_RUNPATH_SEARCH_PATHS = "$(inherited) @executable_path/Frameworks";
				PRODUCT_BUNDLE_IDENTIFIER = "com.example.Lesson-18---Core-Data";
				PRODUCT_NAME = "$(TARGET_NAME)";
				SWIFT_VERSION = 3.0;
			};
			name = Debug;
		};
		FAD5F5D51D8577CC002CFD45 /* Release */ = {
			isa = XCBuildConfiguration;
			buildSettings = {
				ASSETCATALOG_COMPILER_APPICON_NAME = AppIcon;
				INFOPLIST_FILE = "Lesson 18 - Core Data/Info.plist";
				LD_RUNPATH_SEARCH_PATHS = "$(inherited) @executable_path/Frameworks";
				PRODUCT_BUNDLE_IDENTIFIER = "com.example.Lesson-18---Core-Data";
				PRODUCT_NAME = "$(TARGET_NAME)";
				SWIFT_VERSION = 3.0;
			};
			name = Release;
		};
/* End XCBuildConfiguration section */

/* Begin XCConfigurationList section */
		FAD5F5B91D8577CC002CFD45 /* Build configuration list for PBXProject "Lesson 18 - Core Data" */ = {
			isa = XCConfigurationList;
			buildConfigurations = (
				FAD5F5D11D8577CC002CFD45 /* Debug */,
				FAD5F5D21D8577CC002CFD45 /* Release */,
			);
			defaultConfigurationIsVisible = 0;
			defaultConfigurationName = Release;
		};
		FAD5F5D31D8577CC002CFD45 /* Build configuration list for PBXNativeTarget "Lesson 18 - Core Data" */ = {
			isa = XCConfigurationList;
			buildConfigurations = (
				FAD5F5D41D8577CC002CFD45 /* Debug */,
				FAD5F5D51D8577CC002CFD45 /* Release */,
			);
			defaultConfigurationIsVisible = 0;
			defaultConfigurationName = Release;
		};
/* End XCConfigurationList section */
	};
	rootObject = FAD5F5B61D8577CC002CFD45 /* Project object */;
}
