// !$*UTF8*$!
{
	archiveVersion = 1;
	classes = {
	};
	objectVersion = 46;
	objects = {

/* Begin PBXBuildFile section */
		FA08002B1D8EB00F008BAB48 /* AppDelegate.swift in Sources */ = {isa = PBXBuildFile; fileRef = FA08002A1D8EB00F008BAB48 /* AppDelegate.swift */; };
		FA08002D1D8EB00F008BAB48 /* ViewController.swift in Sources */ = {isa = PBXBuildFile; fileRef = FA08002C1D8EB00F008BAB48 /* ViewController.swift */; };
		FA0800301D8EB00F008BAB48 /* Main.storyboard in Resources */ = {isa = PBXBuildFile; fileRef = FA08002E1D8EB00F008BAB48 /* Main.storyboard */; };
		FA0800321D8EB00F008BAB48 /* Assets.xcassets in Resources */ = {isa = PBXBuildFile; fileRef = FA0800311D8EB00F008BAB48 /* Assets.xcassets */; };
		FA0800351D8EB00F008BAB48 /* LaunchScreen.storyboard in Resources */ = {isa = PBXBuildFile; fileRef = FA0800331D8EB00F008BAB48 /* LaunchScreen.storyboard */; };
/* End PBXBuildFile section */

/* Begin PBXFileReference section */
		FA0800271D8EB00F008BAB48 /* Lesson 20 - Core Motion.app */ = {isa = PBXFileReference; explicitFileType = wrapper.application; includeInIndex = 0; path = "Lesson 20 - Core Motion.app"; sourceTree = BUILT_PRODUCTS_DIR; };
		FA08002A1D8EB00F008BAB48 /* AppDelegate.swift */ = {isa = PBXFileReference; lastKnownFileType = sourcecode.swift; path = AppDelegate.swift; sourceTree = "<group>"; };
		FA08002C1D8EB00F008BAB48 /* ViewController.swift */ = {isa = PBXFileReference; lastKnownFileType = sourcecode.swift; path = ViewController.swift; sourceTree = "<group>"; };
		FA08002F1D8EB00F008BAB48 /* Base */ = {isa = PBXFileReference; lastKnownFileType = file.storyboard; name = Base; path = Base.lproj/Main.storyboard; sourceTree = "<group>"; };
		FA0800311D8EB00F008BAB48 /* Assets.xcassets */ = {isa = PBXFileReference; lastKnownFileType = folder.assetcatalog; path = Assets.xcassets; sourceTree = "<group>"; };
		FA0800341D8EB00F008BAB48 /* Base */ = {isa = PBXFileReference; lastKnownFileType = file.storyboard; name = Base; path = Base.lproj/LaunchScreen.storyboard; sourceTree = "<group>"; };
		FA0800361D8EB00F008BAB48 /* Info.plist */ = {isa = PBXFileReference; lastKnownFileType = text.plist.xml; path = Info.plist; sourceTree = "<group>"; };
/* End PBXFileReference section */

/* Begin PBXFrameworksBuildPhase section */
		FA0800241D8EB00F008BAB48 /* Frameworks */ = {
			isa = PBXFrameworksBuildPhase;
			buildActionMask = 2147483647;
			files = (
			);
			runOnlyForDeploymentPostprocessing = 0;
		};
/* End PBXFrameworksBuildPhase section */

/* Begin PBXGroup section */
		FA08001E1D8EB00F008BAB48 = {
			isa = PBXGroup;
			children = (
				FA0800291D8EB00F008BAB48 /* Lesson 20 - Core Motion */,
				FA0800281D8EB00F008BAB48 /* Products */,
			);
			sourceTree = "<group>";
		};
		FA0800281D8EB00F008BAB48 /* Products */ = {
			isa = PBXGroup;
			children = (
				FA0800271D8EB00F008BAB48 /* Lesson 20 - Core Motion.app */,
			);
			name = Products;
			sourceTree = "<group>";
		};
		FA0800291D8EB00F008BAB48 /* Lesson 20 - Core Motion */ = {
			isa = PBXGroup;
			children = (
				FA08002A1D8EB00F008BAB48 /* AppDelegate.swift */,
				FA08002C1D8EB00F008BAB48 /* ViewController.swift */,
				FA08002E1D8EB00F008BAB48 /* Main.storyboard */,
				FA0800311D8EB00F008BAB48 /* Assets.xcassets */,
				FA0800331D8EB00F008BAB48 /* LaunchScreen.storyboard */,
				FA0800361D8EB00F008BAB48 /* Info.plist */,
			);
			path = "Lesson 20 - Core Motion";
			sourceTree = "<group>";
		};
/* End PBXGroup section */

/* Begin PBXNativeTarget section */
		FA0800261D8EB00F008BAB48 /* Lesson 20 - Core Motion */ = {
			isa = PBXNativeTarget;
			buildConfigurationList = FA0800391D8EB00F008BAB48 /* Build configuration list for PBXNativeTarget "Lesson 20 - Core Motion" */;
			buildPhases = (
				FA0800231D8EB00F008BAB48 /* Sources */,
				FA0800241D8EB00F008BAB48 /* Frameworks */,
				FA0800251D8EB00F008BAB48 /* Resources */,
			);
			buildRules = (
			);
			dependencies = (
			);
			name = "Lesson 20 - Core Motion";
			productName = "Lesson 20 - Core Motion";
			productReference = FA0800271D8EB00F008BAB48 /* Lesson 20 - Core Motion.app */;
			productType = "com.apple.product-type.application";
		};
/* End PBXNativeTarget section */

/* Begin PBXProject section */
		FA08001F1D8EB00F008BAB48 /* Project object */ = {
			isa = PBXProject;
			attributes = {
				LastSwiftUpdateCheck = 0800;
				LastUpgradeCheck = 0800;
				ORGANIZATIONNAME = Alex;
				TargetAttributes = {
					FA0800261D8EB00F008BAB48 = {
						CreatedOnToolsVersion = 8.0;
						ProvisioningStyle = Automatic;
					};
				};
			};
			buildConfigurationList = FA0800221D8EB00F008BAB48 /* Build configuration list for PBXProject "Lesson 20 - Core Motion" */;
			compatibilityVersion = "Xcode 3.2";
			developmentRegion = English;
			hasScannedForEncodings = 0;
			knownRegions = (
				en,
				Base,
			);
			mainGroup = FA08001E1D8EB00F008BAB48;
			productRefGroup = FA0800281D8EB00F008BAB48 /* Products */;
			projectDirPath = "";
			projectRoot = "";
			targets = (
				FA0800261D8EB00F008BAB48 /* Lesson 20 - Core Motion */,
			);
		};
/* End PBXProject section */

/* Begin PBXResourcesBuildPhase section */
		FA0800251D8EB00F008BAB48 /* Resources */ = {
			isa = PBXResourcesBuildPhase;
			buildActionMask = 2147483647;
			files = (
				FA0800351D8EB00F008BAB48 /* LaunchScreen.storyboard in Resources */,
				FA0800321D8EB00F008BAB48 /* Assets.xcassets in Resources */,
				FA0800301D8EB00F008BAB48 /* Main.storyboard in Resources */,
			);
			runOnlyForDeploymentPostprocessing = 0;
		};
/* End PBXResourcesBuildPhase section */

/* Begin PBXSourcesBuildPhase section */
		FA0800231D8EB00F008BAB48 /* Sources */ = {
			isa = PBXSourcesBuildPhase;
			buildActionMask = 2147483647;
			files = (
				FA08002D1D8EB00F008BAB48 /* ViewController.swift in Sources */,
				FA08002B1D8EB00F008BAB48 /* AppDelegate.swift in Sources */,
			);
			runOnlyForDeploymentPostprocessing = 0;
		};
/* End PBXSourcesBuildPhase section */

/* Begin PBXVariantGroup section */
		FA08002E1D8EB00F008BAB48 /* Main.storyboard */ = {
			isa = PBXVariantGroup;
			children = (
				FA08002F1D8EB00F008BAB48 /* Base */,
			);
			name = Main.storyboard;
			sourceTree = "<group>";
		};
		FA0800331D8EB00F008BAB48 /* LaunchScreen.storyboard */ = {
			isa = PBXVariantGroup;
			children = (
				FA0800341D8EB00F008BAB48 /* Base */,
			);
			name = LaunchScreen.storyboard;
			sourceTree = "<group>";
		};
/* End PBXVariantGroup section */

/* Begin XCBuildConfiguration section */
		FA0800371D8EB00F008BAB48 /* Debug */ = {
			isa = XCBuildConfiguration;
			buildSettings = {
				ALWAYS_SEARCH_USER_PATHS = NO;
				CLANG_ANALYZER_NONNULL = YES;
				CLANG_CXX_LANGUAGE_STANDARD = "gnu++0x";
				CLANG_CXX_LIBRARY = "libc++";
				CLANG_ENABLE_MODULES = YES;
				CLANG_ENABLE_OBJC_ARC = YES;
				CLANG_WARN_BOOL_CONVERSION = YES;
				CLANG_WARN_CONSTANT_CONVERSION = YES;
				CLANG_WARN_DIRECT_OBJC_ISA_USAGE = YES_ERROR;
				CLANG_WARN_DOCUMENTATION_COMMENTS = YES;
				CLANG_WARN_EMPTY_BODY = YES;
				CLANG_WARN_ENUM_CONVERSION = YES;
				CLANG_WARN_INFINITE_RECURSION = YES;
				CLANG_WARN_INT_CONVERSION = YES;
				CLANG_WARN_OBJC_ROOT_CLASS = YES_ERROR;
				CLANG_WARN_SUSPICIOUS_MOVES = YES;
				CLANG_WARN_UNREACHABLE_CODE = YES;
				CLANG_WARN__DUPLICATE_METHOD_MATCH = YES;
				"CODE_SIGN_IDENTITY[sdk=iphoneos*]" = "iPhone Developer";
				COPY_PHASE_STRIP = NO;
				DEBUG_INFORMATION_FORMAT = dwarf;
				ENABLE_STRICT_OBJC_MSGSEND = YES;
				ENABLE_TESTABILITY = YES;
				GCC_C_LANGUAGE_STANDARD = gnu99;
				GCC_DYNAMIC_NO_PIC = NO;
				GCC_NO_COMMON_BLOCKS = YES;
				GCC_OPTIMIZATION_LEVEL = 0;
				GCC_PREPROCESSOR_DEFINITIONS = (
					"DEBUG=1",
					"$(inherited)",
				);
				GCC_WARN_64_TO_32_BIT_CONVERSION = YES;
				GCC_WARN_ABOUT_RETURN_TYPE = YES_ERROR;
				GCC_WARN_UNDECLARED_SELECTOR = YES;
				GCC_WARN_UNINITIALIZED_AUTOS = YES_AGGRESSIVE;
				GCC_WARN_UNUSED_FUNCTION = YES;
				GCC_WARN_UNUSED_VARIABLE = YES;
				IPHONEOS_DEPLOYMENT_TARGET = 10.0;
				MTL_ENABLE_DEBUG_INFO = YES;
				ONLY_ACTIVE_ARCH = YES;
				SDKROOT = iphoneos;
				SWIFT_ACTIVE_COMPILATION_CONDITIONS = DEBUG;
				SWIFT_OPTIMIZATION_LEVEL = "-Onone";
			};
			name = Debug;
		};
		FA0800381D8EB00F008BAB48 /* Release */ = {
			isa = XCBuildConfiguration;
			buildSettings = {
				ALWAYS_SEARCH_USER_PATHS = NO;
				CLANG_ANALYZER_NONNULL = YES;
				CLANG_CXX_LANGUAGE_STANDARD = "gnu++0x";
				CLANG_CXX_LIBRARY = "libc++";
				CLANG_ENABLE_MODULES = YES;
				CLANG_ENABLE_OBJC_ARC = YES;
				CLANG_WARN_BOOL_CONVERSION = YES;
				CLANG_WARN_CONSTANT_CONVERSION = YES;
				CLANG_WARN_DIRECT_OBJC_ISA_USAGE = YES_ERROR;
				CLANG_WARN_DOCUMENTATION_COMMENTS = YES;
				CLANG_WARN_EMPTY_BODY = YES;
				CLANG_WARN_ENUM_CONVERSION = YES;
				CLANG_WARN_INFINITE_RECURSION = YES;
				CLANG_WARN_INT_CONVERSION = YES;
				CLANG_WARN_OBJC_ROOT_CLASS = YES_ERROR;
				CLANG_WARN_SUSPICIOUS_MOVES = YES;
				CLANG_WARN_UNREACHABLE_CODE = YES;
				CLANG_WARN__DUPLICATE_METHOD_MATCH = YES;
				"CODE_SIGN_IDENTITY[sdk=iphoneos*]" = "iPhone Developer";
				COPY_PHASE_STRIP = NO;
				DEBUG_INFORMATION_FORMAT = "dwarf-with-dsym";
				ENABLE_NS_ASSERTIONS = NO;
				ENABLE_STRICT_OBJC_MSGSEND = YES;
				GCC_C_LANGUAGE_STANDARD = gnu99;
				GCC_NO_COMMON_BLOCKS = YES;
				GCC_WARN_64_TO_32_BIT_CONVERSION = YES;
				GCC_WARN_ABOUT_RETURN_TYPE = YES_ERROR;
				GCC_WARN_UNDECLARED_SELECTOR = YES;
				GCC_WARN_UNINITIALIZED_AUTOS = YES_AGGRESSIVE;
				GCC_WARN_UNUSED_FUNCTION = YES;
				GCC_WARN_UNUSED_VARIABLE = YES;
				IPHONEOS_DEPLOYMENT_TARGET = 10.0;
				MTL_ENABLE_DEBUG_INFO = NO;
				SDKROOT = iphoneos;
				SWIFT_OPTIMIZATION_LEVEL = "-Owholemodule";
				VALIDATE_PRODUCT = YES;
			};
			name = Release;
		};
		FA08003A1D8EB00F008BAB48 /* Debug */ = {
			isa = XCBuildConfiguration;
			buildSettings = {
				ASSETCATALOG_COMPILER_APPICON_NAME = AppIcon;
				INFOPLIST_FILE = "Lesson 20 - Core Motion/Info.plist";
				LD_RUNPATH_SEARCH_PATHS = "$(inherited) @executable_path/Frameworks";
				PRODUCT_BUNDLE_IDENTIFIER = "com.example.Lesson-20---Core-Motion";
				PRODUCT_NAME = "$(TARGET_NAME)";
				SWIFT_VERSION = 3.0;
			};
			name = Debug;
		};
		FA08003B1D8EB00F008BAB48 /* Release */ = {
			isa = XCBuildConfiguration;
			buildSettings = {
				ASSETCATALOG_COMPILER_APPICON_NAME = AppIcon;
				INFOPLIST_FILE = "Lesson 20 - Core Motion/Info.plist";
				LD_RUNPATH_SEARCH_PATHS = "$(inherited) @executable_path/Frameworks";
				PRODUCT_BUNDLE_IDENTIFIER = "com.example.Lesson-20---Core-Motion";
				PRODUCT_NAME = "$(TARGET_NAME)";
				SWIFT_VERSION = 3.0;
			};
			name = Release;
		};
/* End XCBuildConfiguration section */

/* Begin XCConfigurationList section */
		FA0800221D8EB00F008BAB48 /* Build configuration list for PBXProject "Lesson 20 - Core Motion" */ = {
			isa = XCConfigurationList;
			buildConfigurations = (
				FA0800371D8EB00F008BAB48 /* Debug */,
				FA0800381D8EB00F008BAB48 /* Release */,
			);
			defaultConfigurationIsVisible = 0;
			defaultConfigurationName = Release;
		};
		FA0800391D8EB00F008BAB48 /* Build configuration list for PBXNativeTarget "Lesson 20 - Core Motion" */ = {
			isa = XCConfigurationList;
			buildConfigurations = (
				FA08003A1D8EB00F008BAB48 /* Debug */,
				FA08003B1D8EB00F008BAB48 /* Release */,
			);
			defaultConfigurationIsVisible = 0;
		};
/* End XCConfigurationList section */
	};
	rootObject = FA08001F1D8EB00F008BAB48 /* Project object */;
}
